// !$*UTF8*$!
{
	archiveVersion = 1;
	classes = {
	};
	objectVersion = 52;
	objects = {

/* Begin PBXBuildFile section */
		4B86AFA5765783504D0227AE /* libPods-HiArtTests.a in Frameworks */ = {isa = PBXBuildFile; fileRef = 67A508AC7CD526491A5EDFE0 /* libPods-HiArtTests.a */; };
		62B61E26B3DB9DC8D27DD709 /* libPods-HiArt.a in Frameworks */ = {isa = PBXBuildFile; fileRef = 45E298D5AD2BC9FABD8C4C86 /* libPods-HiArt.a */; };
		6521C10C27CC863100952542 /* AppDelegate.swift in Sources */ = {isa = PBXBuildFile; fileRef = 6521C10B27CC863100952542 /* AppDelegate.swift */; };
		6521C11327CC863100952542 /* Main.storyboard in Resources */ = {isa = PBXBuildFile; fileRef = 6521C11127CC863100952542 /* Main.storyboard */; };
		6521C11527CC863300952542 /* Assets.xcassets in Resources */ = {isa = PBXBuildFile; fileRef = 6521C11427CC863300952542 /* Assets.xcassets */; };
		6521C11827CC863300952542 /* LaunchScreen.storyboard in Resources */ = {isa = PBXBuildFile; fileRef = 6521C11627CC863300952542 /* LaunchScreen.storyboard */; };
		6521C12327CC863300952542 /* HiArtTests.swift in Sources */ = {isa = PBXBuildFile; fileRef = 6521C12227CC863300952542 /* HiArtTests.swift */; };
		6521C12E27CC863300952542 /* HiArtUITests.swift in Sources */ = {isa = PBXBuildFile; fileRef = 6521C12D27CC863300952542 /* HiArtUITests.swift */; };
		657739A827D16E420010FCC9 /* Alamofire in Frameworks */ = {isa = PBXBuildFile; productRef = 657739A727D16E420010FCC9 /* Alamofire */; };
		6597A39227D1A3AC00AA7365 /* StackView.swift in Sources */ = {isa = PBXBuildFile; fileRef = 6597A39127D1A3AC00AA7365 /* StackView.swift */; };
		65B9FF4B27CD77D000BA459B /* OnboardingView.swift in Sources */ = {isa = PBXBuildFile; fileRef = 65B9FF4A27CD77CF00BA459B /* OnboardingView.swift */; };
		65B9FF5027CD77E100BA459B /* OnboardingViewModel.swift in Sources */ = {isa = PBXBuildFile; fileRef = 65B9FF4F27CD77E100BA459B /* OnboardingViewModel.swift */; };
		65B9FF5C27CD793B00BA459B /* Session.swift in Sources */ = {isa = PBXBuildFile; fileRef = 65B9FF5B27CD793B00BA459B /* Session.swift */; };
		65B9FF6427CD79E900BA459B /* UserDefaultsProvider.swift in Sources */ = {isa = PBXBuildFile; fileRef = 65B9FF6327CD79E900BA459B /* UserDefaultsProvider.swift */; };
		65B9FF6E27CD7AC300BA459B /* Constants.swift in Sources */ = {isa = PBXBuildFile; fileRef = 65B9FF6D27CD7AC300BA459B /* Constants.swift */; };
		65B9FF7327CD7AD800BA459B /* UIConstants.swift in Sources */ = {isa = PBXBuildFile; fileRef = 65B9FF7227CD7AD800BA459B /* UIConstants.swift */; };
		65B9FF7927CD7AF500BA459B /* Util.swift in Sources */ = {isa = PBXBuildFile; fileRef = 65B9FF7827CD7AF500BA459B /* Util.swift */; };
		65B9FF9127CDA63800BA459B /* Coordinator.swift in Sources */ = {isa = PBXBuildFile; fileRef = 65B9FF9027CDA63800BA459B /* Coordinator.swift */; };
		65B9FF9627CDA6A300BA459B /* MainCoordinator.swift in Sources */ = {isa = PBXBuildFile; fileRef = 65B9FF9527CDA6A300BA459B /* MainCoordinator.swift */; };
		65B9FF9B27CDA9CF00BA459B /* OnboardingViewController.swift in Sources */ = {isa = PBXBuildFile; fileRef = 65B9FF9A27CDA9CF00BA459B /* OnboardingViewController.swift */; };
		65B9FFA327CDC5B600BA459B /* LoginViewController.swift in Sources */ = {isa = PBXBuildFile; fileRef = 65B9FFA227CDC5B600BA459B /* LoginViewController.swift */; };
		65B9FFA827CDC5BF00BA459B /* LoginView.swift in Sources */ = {isa = PBXBuildFile; fileRef = 65B9FFA727CDC5BF00BA459B /* LoginView.swift */; };
		65BCB4B427CEB62F00390E0B /* SceneDelegate.swift in Sources */ = {isa = PBXBuildFile; fileRef = 65BCB4B327CEB62F00390E0B /* SceneDelegate.swift */; };
		65BCB4C927CF087600390E0B /* OnboardingControllerProtocol.swift in Sources */ = {isa = PBXBuildFile; fileRef = 65BCB4C827CF087600390E0B /* OnboardingControllerProtocol.swift */; };
		65BCB4CF27CF094200390E0B /* BaseViewController.swift in Sources */ = {isa = PBXBuildFile; fileRef = 65BCB4CE27CF094200390E0B /* BaseViewController.swift */; };
		65BCB4D527CF09AB00390E0B /* BaseView.swift in Sources */ = {isa = PBXBuildFile; fileRef = 65BCB4D427CF09AB00390E0B /* BaseView.swift */; };
		65BCB4DA27CF0CAD00390E0B /* ViewConfigurationProtocol.swift in Sources */ = {isa = PBXBuildFile; fileRef = 65BCB4D927CF0CAD00390E0B /* ViewConfigurationProtocol.swift */; };
		65BCB4DF27CF0DF900390E0B /* View.swift in Sources */ = {isa = PBXBuildFile; fileRef = 65BCB4DE27CF0DF900390E0B /* View.swift */; };
		A720D965ABB993B9A6CA82D9 /* libPods-HiArt-HiArtUITests.a in Frameworks */ = {isa = PBXBuildFile; fileRef = 2A89CAB750CE226711A9D823 /* libPods-HiArt-HiArtUITests.a */; };
/* End PBXBuildFile section */

/* Begin PBXContainerItemProxy section */
		6521C11F27CC863300952542 /* PBXContainerItemProxy */ = {
			isa = PBXContainerItemProxy;
			containerPortal = 6521C10027CC863100952542 /* Project object */;
			proxyType = 1;
			remoteGlobalIDString = 6521C10727CC863100952542;
			remoteInfo = HiArt;
		};
		6521C12A27CC863300952542 /* PBXContainerItemProxy */ = {
			isa = PBXContainerItemProxy;
			containerPortal = 6521C10027CC863100952542 /* Project object */;
			proxyType = 1;
			remoteGlobalIDString = 6521C10727CC863100952542;
			remoteInfo = HiArt;
		};
/* End PBXContainerItemProxy section */

/* Begin PBXFileReference section */
		047EC4C974D4EEBE4DC511C9 /* Pods-HiArt-HiArtUITests.release.xcconfig */ = {isa = PBXFileReference; includeInIndex = 1; lastKnownFileType = text.xcconfig; name = "Pods-HiArt-HiArtUITests.release.xcconfig"; path = "Target Support Files/Pods-HiArt-HiArtUITests/Pods-HiArt-HiArtUITests.release.xcconfig"; sourceTree = "<group>"; };
		2A89CAB750CE226711A9D823 /* libPods-HiArt-HiArtUITests.a */ = {isa = PBXFileReference; explicitFileType = archive.ar; includeInIndex = 0; path = "libPods-HiArt-HiArtUITests.a"; sourceTree = BUILT_PRODUCTS_DIR; };
		45E298D5AD2BC9FABD8C4C86 /* libPods-HiArt.a */ = {isa = PBXFileReference; explicitFileType = archive.ar; includeInIndex = 0; path = "libPods-HiArt.a"; sourceTree = BUILT_PRODUCTS_DIR; };
		4D6B0CA8A8480EDDD6590690 /* Pods-HiArtTests.debug.xcconfig */ = {isa = PBXFileReference; includeInIndex = 1; lastKnownFileType = text.xcconfig; name = "Pods-HiArtTests.debug.xcconfig"; path = "Target Support Files/Pods-HiArtTests/Pods-HiArtTests.debug.xcconfig"; sourceTree = "<group>"; };
		527C517C059ED95D94E8E5AB /* Pods-HiArt.debug.xcconfig */ = {isa = PBXFileReference; includeInIndex = 1; lastKnownFileType = text.xcconfig; name = "Pods-HiArt.debug.xcconfig"; path = "Target Support Files/Pods-HiArt/Pods-HiArt.debug.xcconfig"; sourceTree = "<group>"; };
		6521C10827CC863100952542 /* HiArt.app */ = {isa = PBXFileReference; explicitFileType = wrapper.application; includeInIndex = 0; path = HiArt.app; sourceTree = BUILT_PRODUCTS_DIR; };
		6521C10B27CC863100952542 /* AppDelegate.swift */ = {isa = PBXFileReference; lastKnownFileType = sourcecode.swift; path = AppDelegate.swift; sourceTree = "<group>"; };
		6521C11227CC863100952542 /* Base */ = {isa = PBXFileReference; lastKnownFileType = file.storyboard; name = Base; path = Base.lproj/Main.storyboard; sourceTree = "<group>"; };
		6521C11427CC863300952542 /* Assets.xcassets */ = {isa = PBXFileReference; lastKnownFileType = folder.assetcatalog; path = Assets.xcassets; sourceTree = "<group>"; };
		6521C11727CC863300952542 /* Base */ = {isa = PBXFileReference; lastKnownFileType = file.storyboard; name = Base; path = Base.lproj/LaunchScreen.storyboard; sourceTree = "<group>"; };
		6521C11927CC863300952542 /* Info.plist */ = {isa = PBXFileReference; lastKnownFileType = text.plist.xml; path = Info.plist; sourceTree = "<group>"; };
		6521C11E27CC863300952542 /* HiArtTests.xctest */ = {isa = PBXFileReference; explicitFileType = wrapper.cfbundle; includeInIndex = 0; path = HiArtTests.xctest; sourceTree = BUILT_PRODUCTS_DIR; };
		6521C12227CC863300952542 /* HiArtTests.swift */ = {isa = PBXFileReference; lastKnownFileType = sourcecode.swift; path = HiArtTests.swift; sourceTree = "<group>"; };
		6521C12427CC863300952542 /* Info.plist */ = {isa = PBXFileReference; lastKnownFileType = text.plist.xml; path = Info.plist; sourceTree = "<group>"; };
		6521C12927CC863300952542 /* HiArtUITests.xctest */ = {isa = PBXFileReference; explicitFileType = wrapper.cfbundle; includeInIndex = 0; path = HiArtUITests.xctest; sourceTree = BUILT_PRODUCTS_DIR; };
		6521C12D27CC863300952542 /* HiArtUITests.swift */ = {isa = PBXFileReference; lastKnownFileType = sourcecode.swift; path = HiArtUITests.swift; sourceTree = "<group>"; };
		6521C12F27CC863300952542 /* Info.plist */ = {isa = PBXFileReference; lastKnownFileType = text.plist.xml; path = Info.plist; sourceTree = "<group>"; };
		6597A39127D1A3AC00AA7365 /* StackView.swift */ = {isa = PBXFileReference; lastKnownFileType = sourcecode.swift; path = StackView.swift; sourceTree = "<group>"; };
		65B9FF4A27CD77CF00BA459B /* OnboardingView.swift */ = {isa = PBXFileReference; lastKnownFileType = sourcecode.swift; path = OnboardingView.swift; sourceTree = "<group>"; };
		65B9FF4F27CD77E100BA459B /* OnboardingViewModel.swift */ = {isa = PBXFileReference; lastKnownFileType = sourcecode.swift; path = OnboardingViewModel.swift; sourceTree = "<group>"; };
		65B9FF5B27CD793B00BA459B /* Session.swift */ = {isa = PBXFileReference; lastKnownFileType = sourcecode.swift; path = Session.swift; sourceTree = "<group>"; };
		65B9FF6327CD79E900BA459B /* UserDefaultsProvider.swift */ = {isa = PBXFileReference; lastKnownFileType = sourcecode.swift; path = UserDefaultsProvider.swift; sourceTree = "<group>"; };
		65B9FF6D27CD7AC300BA459B /* Constants.swift */ = {isa = PBXFileReference; lastKnownFileType = sourcecode.swift; path = Constants.swift; sourceTree = "<group>"; };
		65B9FF7227CD7AD800BA459B /* UIConstants.swift */ = {isa = PBXFileReference; lastKnownFileType = sourcecode.swift; path = UIConstants.swift; sourceTree = "<group>"; };
		65B9FF7827CD7AF500BA459B /* Util.swift */ = {isa = PBXFileReference; lastKnownFileType = sourcecode.swift; path = Util.swift; sourceTree = "<group>"; };
		65B9FF9027CDA63800BA459B /* Coordinator.swift */ = {isa = PBXFileReference; lastKnownFileType = sourcecode.swift; path = Coordinator.swift; sourceTree = "<group>"; };
		65B9FF9527CDA6A300BA459B /* MainCoordinator.swift */ = {isa = PBXFileReference; lastKnownFileType = sourcecode.swift; path = MainCoordinator.swift; sourceTree = "<group>"; };
		65B9FF9A27CDA9CF00BA459B /* OnboardingViewController.swift */ = {isa = PBXFileReference; lastKnownFileType = sourcecode.swift; path = OnboardingViewController.swift; sourceTree = "<group>"; };
		65B9FFA227CDC5B600BA459B /* LoginViewController.swift */ = {isa = PBXFileReference; lastKnownFileType = sourcecode.swift; path = LoginViewController.swift; sourceTree = "<group>"; };
		65B9FFA727CDC5BF00BA459B /* LoginView.swift */ = {isa = PBXFileReference; lastKnownFileType = sourcecode.swift; path = LoginView.swift; sourceTree = "<group>"; };
		65BCB4B327CEB62F00390E0B /* SceneDelegate.swift */ = {isa = PBXFileReference; fileEncoding = 4; lastKnownFileType = sourcecode.swift; path = SceneDelegate.swift; sourceTree = "<group>"; };
		65BCB4C827CF087600390E0B /* OnboardingControllerProtocol.swift */ = {isa = PBXFileReference; lastKnownFileType = sourcecode.swift; path = OnboardingControllerProtocol.swift; sourceTree = "<group>"; };
		65BCB4CE27CF094200390E0B /* BaseViewController.swift */ = {isa = PBXFileReference; lastKnownFileType = sourcecode.swift; path = BaseViewController.swift; sourceTree = "<group>"; };
		65BCB4D427CF09AB00390E0B /* BaseView.swift */ = {isa = PBXFileReference; lastKnownFileType = sourcecode.swift; path = BaseView.swift; sourceTree = "<group>"; };
		65BCB4D927CF0CAD00390E0B /* ViewConfigurationProtocol.swift */ = {isa = PBXFileReference; lastKnownFileType = sourcecode.swift; path = ViewConfigurationProtocol.swift; sourceTree = "<group>"; };
		65BCB4DE27CF0DF900390E0B /* View.swift */ = {isa = PBXFileReference; lastKnownFileType = sourcecode.swift; path = View.swift; sourceTree = "<group>"; };
		67A508AC7CD526491A5EDFE0 /* libPods-HiArtTests.a */ = {isa = PBXFileReference; explicitFileType = archive.ar; includeInIndex = 0; path = "libPods-HiArtTests.a"; sourceTree = BUILT_PRODUCTS_DIR; };
		68323EE185C97225DD84159E /* Pods-HiArt-HiArtUITests.debug.xcconfig */ = {isa = PBXFileReference; includeInIndex = 1; lastKnownFileType = text.xcconfig; name = "Pods-HiArt-HiArtUITests.debug.xcconfig"; path = "Target Support Files/Pods-HiArt-HiArtUITests/Pods-HiArt-HiArtUITests.debug.xcconfig"; sourceTree = "<group>"; };
		A967231204BAA8D6E3D5B81E /* Pods-HiArt.release.xcconfig */ = {isa = PBXFileReference; includeInIndex = 1; lastKnownFileType = text.xcconfig; name = "Pods-HiArt.release.xcconfig"; path = "Target Support Files/Pods-HiArt/Pods-HiArt.release.xcconfig"; sourceTree = "<group>"; };
		E02C526A56DEF4C8C1CC1A11 /* Pods-HiArtTests.release.xcconfig */ = {isa = PBXFileReference; includeInIndex = 1; lastKnownFileType = text.xcconfig; name = "Pods-HiArtTests.release.xcconfig"; path = "Target Support Files/Pods-HiArtTests/Pods-HiArtTests.release.xcconfig"; sourceTree = "<group>"; };
/* End PBXFileReference section */

/* Begin PBXFrameworksBuildPhase section */
		6521C10527CC863100952542 /* Frameworks */ = {
			isa = PBXFrameworksBuildPhase;
			buildActionMask = 2147483647;
			files = (
				62B61E26B3DB9DC8D27DD709 /* libPods-HiArt.a in Frameworks */,
				657739A827D16E420010FCC9 /* Alamofire in Frameworks */,
			);
			runOnlyForDeploymentPostprocessing = 0;
		};
		6521C11B27CC863300952542 /* Frameworks */ = {
			isa = PBXFrameworksBuildPhase;
			buildActionMask = 2147483647;
			files = (
				4B86AFA5765783504D0227AE /* libPods-HiArtTests.a in Frameworks */,
			);
			runOnlyForDeploymentPostprocessing = 0;
		};
		6521C12627CC863300952542 /* Frameworks */ = {
			isa = PBXFrameworksBuildPhase;
			buildActionMask = 2147483647;
			files = (
				A720D965ABB993B9A6CA82D9 /* libPods-HiArt-HiArtUITests.a in Frameworks */,
			);
			runOnlyForDeploymentPostprocessing = 0;
		};
/* End PBXFrameworksBuildPhase section */

/* Begin PBXGroup section */
		6521C0FF27CC863100952542 = {
			isa = PBXGroup;
			children = (
				6521C10A27CC863100952542 /* HiArt */,
				6521C12127CC863300952542 /* HiArtTests */,
				6521C12C27CC863300952542 /* HiArtUITests */,
				6521C10927CC863100952542 /* Products */,
				C4E0C6DE13288DA1A666C7A1 /* Pods */,
				CAF75E396C624C0DF5EE6A84 /* Frameworks */,
			);
			sourceTree = "<group>";
		};
		6521C10927CC863100952542 /* Products */ = {
			isa = PBXGroup;
			children = (
				6521C10827CC863100952542 /* HiArt.app */,
				6521C11E27CC863300952542 /* HiArtTests.xctest */,
				6521C12927CC863300952542 /* HiArtUITests.xctest */,
			);
			name = Products;
			sourceTree = "<group>";
		};
		6521C10A27CC863100952542 /* HiArt */ = {
			isa = PBXGroup;
			children = (
				65B9FF4027CD765100BA459B /* UseCases */,
				65B9FF3E27CD75DA00BA459B /* Model */,
				65B9FF3F27CD75E500BA459B /* Provider */,
				65B9FF6B27CD7A7300BA459B /* Util */,
				65BCB4C127CF011100390E0B /* Resources */,
				65B9FF8127CD7B3100BA459B /* SupportingFiles */,
				6521C10B27CC863100952542 /* AppDelegate.swift */,
				65BCB4B327CEB62F00390E0B /* SceneDelegate.swift */,
				6521C11127CC863100952542 /* Main.storyboard */,
				6521C11427CC863300952542 /* Assets.xcassets */,
			);
			path = HiArt;
			sourceTree = "<group>";
		};
		6521C12127CC863300952542 /* HiArtTests */ = {
			isa = PBXGroup;
			children = (
				6521C12227CC863300952542 /* HiArtTests.swift */,
				6521C12427CC863300952542 /* Info.plist */,
			);
			path = HiArtTests;
			sourceTree = "<group>";
		};
		6521C12C27CC863300952542 /* HiArtUITests */ = {
			isa = PBXGroup;
			children = (
				6521C12D27CC863300952542 /* HiArtUITests.swift */,
				6521C12F27CC863300952542 /* Info.plist */,
			);
			path = HiArtUITests;
			sourceTree = "<group>";
		};
		6596174F27D1A0EC00043B27 /* Coordinator */ = {
			isa = PBXGroup;
			children = (
				65B9FF9027CDA63800BA459B /* Coordinator.swift */,
				65B9FF9527CDA6A300BA459B /* MainCoordinator.swift */,
			);
			path = Coordinator;
			sourceTree = "<group>";
		};
		65B9FF3E27CD75DA00BA459B /* Model */ = {
			isa = PBXGroup;
			children = (
				65B9FF5A27CD792700BA459B /* Session */,
			);
			path = Model;
			sourceTree = "<group>";
		};
		65B9FF3F27CD75E500BA459B /* Provider */ = {
			isa = PBXGroup;
			children = (
				65B9FF6127CD79C200BA459B /* Services */,
				65B9FF6027CD79B200BA459B /* UserDefaults */,
			);
			path = Provider;
			sourceTree = "<group>";
		};
		65B9FF4027CD765100BA459B /* UseCases */ = {
			isa = PBXGroup;
			children = (
				65B9FF4827CD76D800BA459B /* Lunch */,
				65B9FF4227CD766D00BA459B /* Onboarding */,
				65B9FF4327CD768200BA459B /* Login */,
				65B9FF4427CD768800BA459B /* Home */,
				65B9FF4127CD766700BA459B /* Profile */,
				65B9FF4627CD76BC00BA459B /* Menu */,
				65B9FF4727CD76C200BA459B /* Common */,
			);
			path = UseCases;
			sourceTree = "<group>";
		};
		65B9FF4127CD766700BA459B /* Profile */ = {
			isa = PBXGroup;
			children = (
			);
			path = Profile;
			sourceTree = "<group>";
		};
		65B9FF4227CD766D00BA459B /* Onboarding */ = {
			isa = PBXGroup;
			children = (
				65B9FF4A27CD77CF00BA459B /* OnboardingView.swift */,
				65B9FF4F27CD77E100BA459B /* OnboardingViewModel.swift */,
				65B9FF9A27CDA9CF00BA459B /* OnboardingViewController.swift */,
				65BCB4C827CF087600390E0B /* OnboardingControllerProtocol.swift */,
			);
			path = Onboarding;
			sourceTree = "<group>";
		};
		65B9FF4327CD768200BA459B /* Login */ = {
			isa = PBXGroup;
			children = (
				65B9FFA227CDC5B600BA459B /* LoginViewController.swift */,
				65B9FFA727CDC5BF00BA459B /* LoginView.swift */,
			);
			path = Login;
			sourceTree = "<group>";
		};
		65B9FF4427CD768800BA459B /* Home */ = {
			isa = PBXGroup;
			children = (
			);
			path = Home;
			sourceTree = "<group>";
		};
		65B9FF4627CD76BC00BA459B /* Menu */ = {
			isa = PBXGroup;
			children = (
			);
			path = Menu;
			sourceTree = "<group>";
		};
		65B9FF4727CD76C200BA459B /* Common */ = {
			isa = PBXGroup;
			children = (
				6596174F27D1A0EC00043B27 /* Coordinator */,
				65BCB4D327CF099000390E0B /* BaseView */,
				65BCB4CD27CF090000390E0B /* BaseViewController */,
				65B9FF4927CD770E00BA459B /* Error */,
			);
			path = Common;
			sourceTree = "<group>";
		};
		65B9FF4827CD76D800BA459B /* Lunch */ = {
			isa = PBXGroup;
			children = (
				6521C11627CC863300952542 /* LaunchScreen.storyboard */,
			);
			path = Lunch;
			sourceTree = "<group>";
		};
		65B9FF4927CD770E00BA459B /* Error */ = {
			isa = PBXGroup;
			children = (
			);
			path = Error;
			sourceTree = "<group>";
		};
		65B9FF5A27CD792700BA459B /* Session */ = {
			isa = PBXGroup;
			children = (
				65B9FF5B27CD793B00BA459B /* Session.swift */,
			);
			path = Session;
			sourceTree = "<group>";
		};
		65B9FF6027CD79B200BA459B /* UserDefaults */ = {
			isa = PBXGroup;
			children = (
				65B9FF6327CD79E900BA459B /* UserDefaultsProvider.swift */,
			);
			path = UserDefaults;
			sourceTree = "<group>";
		};
		65B9FF6127CD79C200BA459B /* Services */ = {
			isa = PBXGroup;
			children = (
				65B9FF6227CD79D500BA459B /* Firebase */,
			);
			path = Services;
			sourceTree = "<group>";
		};
		65B9FF6227CD79D500BA459B /* Firebase */ = {
			isa = PBXGroup;
			children = (
			);
			path = Firebase;
			sourceTree = "<group>";
		};
		65B9FF6B27CD7A7300BA459B /* Util */ = {
			isa = PBXGroup;
			children = (
				65B9FF6D27CD7AC300BA459B /* Constants.swift */,
				65B9FF7227CD7AD800BA459B /* UIConstants.swift */,
				65B9FF7827CD7AF500BA459B /* Util.swift */,
				65B9FF8027CD7B1200BA459B /* Style */,
				65B9FF7727CD7ADC00BA459B /* Extension */,
			);
			path = Util;
			sourceTree = "<group>";
		};
		65B9FF7727CD7ADC00BA459B /* Extension */ = {
			isa = PBXGroup;
			children = (
				65BCB4DE27CF0DF900390E0B /* View.swift */,
				6597A39127D1A3AC00AA7365 /* StackView.swift */,
			);
			path = Extension;
			sourceTree = "<group>";
		};
		65B9FF8027CD7B1200BA459B /* Style */ = {
			isa = PBXGroup;
			children = (
			);
			path = Style;
			sourceTree = "<group>";
		};
		65B9FF8127CD7B3100BA459B /* SupportingFiles */ = {
			isa = PBXGroup;
			children = (
				6521C11927CC863300952542 /* Info.plist */,
			);
			path = SupportingFiles;
			sourceTree = "<group>";
		};
		65BCB4C127CF011100390E0B /* Resources */ = {
			isa = PBXGroup;
			children = (
			);
			path = Resources;
			sourceTree = "<group>";
		};
		65BCB4CD27CF090000390E0B /* BaseViewController */ = {
			isa = PBXGroup;
			children = (
				65BCB4CE27CF094200390E0B /* BaseViewController.swift */,
			);
			path = BaseViewController;
			sourceTree = "<group>";
		};
		65BCB4D327CF099000390E0B /* BaseView */ = {
			isa = PBXGroup;
			children = (
				65BCB4D427CF09AB00390E0B /* BaseView.swift */,
				65BCB4D927CF0CAD00390E0B /* ViewConfigurationProtocol.swift */,
			);
			path = BaseView;
			sourceTree = "<group>";
		};
		C4E0C6DE13288DA1A666C7A1 /* Pods */ = {
			isa = PBXGroup;
			children = (
				527C517C059ED95D94E8E5AB /* Pods-HiArt.debug.xcconfig */,
				A967231204BAA8D6E3D5B81E /* Pods-HiArt.release.xcconfig */,
				68323EE185C97225DD84159E /* Pods-HiArt-HiArtUITests.debug.xcconfig */,
				047EC4C974D4EEBE4DC511C9 /* Pods-HiArt-HiArtUITests.release.xcconfig */,
				4D6B0CA8A8480EDDD6590690 /* Pods-HiArtTests.debug.xcconfig */,
				E02C526A56DEF4C8C1CC1A11 /* Pods-HiArtTests.release.xcconfig */,
			);
			path = Pods;
			sourceTree = "<group>";
		};
		CAF75E396C624C0DF5EE6A84 /* Frameworks */ = {
			isa = PBXGroup;
			children = (
				45E298D5AD2BC9FABD8C4C86 /* libPods-HiArt.a */,
				2A89CAB750CE226711A9D823 /* libPods-HiArt-HiArtUITests.a */,
				67A508AC7CD526491A5EDFE0 /* libPods-HiArtTests.a */,
			);
			name = Frameworks;
			sourceTree = "<group>";
		};
/* End PBXGroup section */

/* Begin PBXNativeTarget section */
		6521C10727CC863100952542 /* HiArt */ = {
			isa = PBXNativeTarget;
			buildConfigurationList = 6521C13227CC863300952542 /* Build configuration list for PBXNativeTarget "HiArt" */;
			buildPhases = (
				11E114FDDF228AA8CD7B81B2 /* [CP] Check Pods Manifest.lock */,
				65F51F5B27CD661E00392391 /* Run SwiftLint */,
				6521C10427CC863100952542 /* Sources */,
				6521C10527CC863100952542 /* Frameworks */,
				6521C10627CC863100952542 /* Resources */,
			);
			buildRules = (
			);
			dependencies = (
			);
			name = HiArt;
			packageProductDependencies = (
				657739A727D16E420010FCC9 /* Alamofire */,
			);
			productName = HiArt;
			productReference = 6521C10827CC863100952542 /* HiArt.app */;
			productType = "com.apple.product-type.application";
		};
		6521C11D27CC863300952542 /* HiArtTests */ = {
			isa = PBXNativeTarget;
			buildConfigurationList = 6521C13527CC863300952542 /* Build configuration list for PBXNativeTarget "HiArtTests" */;
			buildPhases = (
				EC416789C2DC6A3B1072ADB8 /* [CP] Check Pods Manifest.lock */,
				6521C11A27CC863300952542 /* Sources */,
				6521C11B27CC863300952542 /* Frameworks */,
				6521C11C27CC863300952542 /* Resources */,
			);
			buildRules = (
			);
			dependencies = (
				6521C12027CC863300952542 /* PBXTargetDependency */,
			);
			name = HiArtTests;
			productName = HiArtTests;
			productReference = 6521C11E27CC863300952542 /* HiArtTests.xctest */;
			productType = "com.apple.product-type.bundle.unit-test";
		};
		6521C12827CC863300952542 /* HiArtUITests */ = {
			isa = PBXNativeTarget;
			buildConfigurationList = 6521C13827CC863300952542 /* Build configuration list for PBXNativeTarget "HiArtUITests" */;
			buildPhases = (
				6597BA09764945F2DB4EC4EF /* [CP] Check Pods Manifest.lock */,
				6521C12527CC863300952542 /* Sources */,
				6521C12627CC863300952542 /* Frameworks */,
				6521C12727CC863300952542 /* Resources */,
			);
			buildRules = (
			);
			dependencies = (
				6521C12B27CC863300952542 /* PBXTargetDependency */,
			);
			name = HiArtUITests;
			productName = HiArtUITests;
			productReference = 6521C12927CC863300952542 /* HiArtUITests.xctest */;
			productType = "com.apple.product-type.bundle.ui-testing";
		};
/* End PBXNativeTarget section */

/* Begin PBXProject section */
		6521C10027CC863100952542 /* Project object */ = {
			isa = PBXProject;
			attributes = {
				LastSwiftUpdateCheck = 1240;
				LastUpgradeCheck = 1240;
				TargetAttributes = {
					6521C10727CC863100952542 = {
						CreatedOnToolsVersion = 12.4;
					};
					6521C11D27CC863300952542 = {
						CreatedOnToolsVersion = 12.4;
						TestTargetID = 6521C10727CC863100952542;
					};
					6521C12827CC863300952542 = {
						CreatedOnToolsVersion = 12.4;
						TestTargetID = 6521C10727CC863100952542;
					};
				};
			};
			buildConfigurationList = 6521C10327CC863100952542 /* Build configuration list for PBXProject "HiArt" */;
			compatibilityVersion = "Xcode 9.3";
			developmentRegion = en;
			hasScannedForEncodings = 0;
			knownRegions = (
				en,
				Base,
			);
			mainGroup = 6521C0FF27CC863100952542;
			packageReferences = (
				657739A627D16E420010FCC9 /* XCRemoteSwiftPackageReference "Alamofire" */,
			);
			productRefGroup = 6521C10927CC863100952542 /* Products */;
			projectDirPath = "";
			projectRoot = "";
			targets = (
				6521C10727CC863100952542 /* HiArt */,
				6521C11D27CC863300952542 /* HiArtTests */,
				6521C12827CC863300952542 /* HiArtUITests */,
			);
		};
/* End PBXProject section */

/* Begin PBXResourcesBuildPhase section */
		6521C10627CC863100952542 /* Resources */ = {
			isa = PBXResourcesBuildPhase;
			buildActionMask = 2147483647;
			files = (
				6521C11827CC863300952542 /* LaunchScreen.storyboard in Resources */,
				6521C11527CC863300952542 /* Assets.xcassets in Resources */,
				6521C11327CC863100952542 /* Main.storyboard in Resources */,
			);
			runOnlyForDeploymentPostprocessing = 0;
		};
		6521C11C27CC863300952542 /* Resources */ = {
			isa = PBXResourcesBuildPhase;
			buildActionMask = 2147483647;
			files = (
			);
			runOnlyForDeploymentPostprocessing = 0;
		};
		6521C12727CC863300952542 /* Resources */ = {
			isa = PBXResourcesBuildPhase;
			buildActionMask = 2147483647;
			files = (
			);
			runOnlyForDeploymentPostprocessing = 0;
		};
/* End PBXResourcesBuildPhase section */

/* Begin PBXShellScriptBuildPhase section */
		11E114FDDF228AA8CD7B81B2 /* [CP] Check Pods Manifest.lock */ = {
			isa = PBXShellScriptBuildPhase;
			buildActionMask = 2147483647;
			files = (
			);
			inputFileListPaths = (
			);
			inputPaths = (
				"${PODS_PODFILE_DIR_PATH}/Podfile.lock",
				"${PODS_ROOT}/Manifest.lock",
			);
			name = "[CP] Check Pods Manifest.lock";
			outputFileListPaths = (
			);
			outputPaths = (
				"$(DERIVED_FILE_DIR)/Pods-HiArt-checkManifestLockResult.txt",
			);
			runOnlyForDeploymentPostprocessing = 0;
			shellPath = /bin/sh;
			shellScript = "diff \"${PODS_PODFILE_DIR_PATH}/Podfile.lock\" \"${PODS_ROOT}/Manifest.lock\" > /dev/null\nif [ $? != 0 ] ; then\n    # print error to STDERR\n    echo \"error: The sandbox is not in sync with the Podfile.lock. Run 'pod install' or update your CocoaPods installation.\" >&2\n    exit 1\nfi\n# This output is used by Xcode 'outputs' to avoid re-running this script phase.\necho \"SUCCESS\" > \"${SCRIPT_OUTPUT_FILE_0}\"\n";
			showEnvVarsInLog = 0;
		};
		6597BA09764945F2DB4EC4EF /* [CP] Check Pods Manifest.lock */ = {
			isa = PBXShellScriptBuildPhase;
			buildActionMask = 2147483647;
			files = (
			);
			inputFileListPaths = (
			);
			inputPaths = (
				"${PODS_PODFILE_DIR_PATH}/Podfile.lock",
				"${PODS_ROOT}/Manifest.lock",
			);
			name = "[CP] Check Pods Manifest.lock";
			outputFileListPaths = (
			);
			outputPaths = (
				"$(DERIVED_FILE_DIR)/Pods-HiArt-HiArtUITests-checkManifestLockResult.txt",
			);
			runOnlyForDeploymentPostprocessing = 0;
			shellPath = /bin/sh;
			shellScript = "diff \"${PODS_PODFILE_DIR_PATH}/Podfile.lock\" \"${PODS_ROOT}/Manifest.lock\" > /dev/null\nif [ $? != 0 ] ; then\n    # print error to STDERR\n    echo \"error: The sandbox is not in sync with the Podfile.lock. Run 'pod install' or update your CocoaPods installation.\" >&2\n    exit 1\nfi\n# This output is used by Xcode 'outputs' to avoid re-running this script phase.\necho \"SUCCESS\" > \"${SCRIPT_OUTPUT_FILE_0}\"\n";
			showEnvVarsInLog = 0;
		};
		65F51F5B27CD661E00392391 /* Run SwiftLint */ = {
			isa = PBXShellScriptBuildPhase;
			buildActionMask = 2147483647;
			files = (
			);
			inputFileListPaths = (
			);
			inputPaths = (
			);
			name = "Run SwiftLint";
			outputFileListPaths = (
			);
			outputPaths = (
			);
			runOnlyForDeploymentPostprocessing = 0;
			shellPath = /bin/sh;
			shellScript = "export PATH=\"$PATH:/opt/homebrew/bin\"\n\nif which swiftlint >/dev/null; then\n  swiftlint\nelse\n  echo \"warning: SwiftLint not installed, download from https://github.com/realm/SwiftLint\"\nfi\n";
		};
		EC416789C2DC6A3B1072ADB8 /* [CP] Check Pods Manifest.lock */ = {
			isa = PBXShellScriptBuildPhase;
			buildActionMask = 2147483647;
			files = (
			);
			inputFileListPaths = (
			);
			inputPaths = (
				"${PODS_PODFILE_DIR_PATH}/Podfile.lock",
				"${PODS_ROOT}/Manifest.lock",
			);
			name = "[CP] Check Pods Manifest.lock";
			outputFileListPaths = (
			);
			outputPaths = (
				"$(DERIVED_FILE_DIR)/Pods-HiArtTests-checkManifestLockResult.txt",
			);
			runOnlyForDeploymentPostprocessing = 0;
			shellPath = /bin/sh;
			shellScript = "diff \"${PODS_PODFILE_DIR_PATH}/Podfile.lock\" \"${PODS_ROOT}/Manifest.lock\" > /dev/null\nif [ $? != 0 ] ; then\n    # print error to STDERR\n    echo \"error: The sandbox is not in sync with the Podfile.lock. Run 'pod install' or update your CocoaPods installation.\" >&2\n    exit 1\nfi\n# This output is used by Xcode 'outputs' to avoid re-running this script phase.\necho \"SUCCESS\" > \"${SCRIPT_OUTPUT_FILE_0}\"\n";
			showEnvVarsInLog = 0;
		};
/* End PBXShellScriptBuildPhase section */

/* Begin PBXSourcesBuildPhase section */
		6521C10427CC863100952542 /* Sources */ = {
			isa = PBXSourcesBuildPhase;
			buildActionMask = 2147483647;
			files = (
				65B9FF7927CD7AF500BA459B /* Util.swift in Sources */,
				65B9FF5C27CD793B00BA459B /* Session.swift in Sources */,
				65B9FF5027CD77E100BA459B /* OnboardingViewModel.swift in Sources */,
				65BCB4DA27CF0CAD00390E0B /* ViewConfigurationProtocol.swift in Sources */,
				65BCB4D527CF09AB00390E0B /* BaseView.swift in Sources */,
				65B9FFA327CDC5B600BA459B /* LoginViewController.swift in Sources */,
				65BCB4DF27CF0DF900390E0B /* View.swift in Sources */,
				65B9FF6427CD79E900BA459B /* UserDefaultsProvider.swift in Sources */,
				65BCB4B427CEB62F00390E0B /* SceneDelegate.swift in Sources */,
				65B9FF4B27CD77D000BA459B /* OnboardingView.swift in Sources */,
				6521C10C27CC863100952542 /* AppDelegate.swift in Sources */,
				65B9FF9127CDA63800BA459B /* Coordinator.swift in Sources */,
				65B9FF7327CD7AD800BA459B /* UIConstants.swift in Sources */,
				65B9FF9627CDA6A300BA459B /* MainCoordinator.swift in Sources */,
				65B9FF9B27CDA9CF00BA459B /* OnboardingViewController.swift in Sources */,
				65B9FFA827CDC5BF00BA459B /* LoginView.swift in Sources */,
				65BCB4CF27CF094200390E0B /* BaseViewController.swift in Sources */,
				65B9FF6E27CD7AC300BA459B /* Constants.swift in Sources */,
				65BCB4C927CF087600390E0B /* OnboardingControllerProtocol.swift in Sources */,
				6597A39227D1A3AC00AA7365 /* StackView.swift in Sources */,
			);
			runOnlyForDeploymentPostprocessing = 0;
		};
		6521C11A27CC863300952542 /* Sources */ = {
			isa = PBXSourcesBuildPhase;
			buildActionMask = 2147483647;
			files = (
				6521C12327CC863300952542 /* HiArtTests.swift in Sources */,
			);
			runOnlyForDeploymentPostprocessing = 0;
		};
		6521C12527CC863300952542 /* Sources */ = {
			isa = PBXSourcesBuildPhase;
			buildActionMask = 2147483647;
			files = (
				6521C12E27CC863300952542 /* HiArtUITests.swift in Sources */,
			);
			runOnlyForDeploymentPostprocessing = 0;
		};
/* End PBXSourcesBuildPhase section */

/* Begin PBXTargetDependency section */
		6521C12027CC863300952542 /* PBXTargetDependency */ = {
			isa = PBXTargetDependency;
			target = 6521C10727CC863100952542 /* HiArt */;
			targetProxy = 6521C11F27CC863300952542 /* PBXContainerItemProxy */;
		};
		6521C12B27CC863300952542 /* PBXTargetDependency */ = {
			isa = PBXTargetDependency;
			target = 6521C10727CC863100952542 /* HiArt */;
			targetProxy = 6521C12A27CC863300952542 /* PBXContainerItemProxy */;
		};
/* End PBXTargetDependency section */

/* Begin PBXVariantGroup section */
		6521C11127CC863100952542 /* Main.storyboard */ = {
			isa = PBXVariantGroup;
			children = (
				6521C11227CC863100952542 /* Base */,
			);
			name = Main.storyboard;
			sourceTree = "<group>";
		};
		6521C11627CC863300952542 /* LaunchScreen.storyboard */ = {
			isa = PBXVariantGroup;
			children = (
				6521C11727CC863300952542 /* Base */,
			);
			name = LaunchScreen.storyboard;
			sourceTree = "<group>";
		};
/* End PBXVariantGroup section */

/* Begin XCBuildConfiguration section */
		6521C13027CC863300952542 /* Debug */ = {
			isa = XCBuildConfiguration;
			buildSettings = {
				ALWAYS_SEARCH_USER_PATHS = NO;
				CLANG_ANALYZER_NONNULL = YES;
				CLANG_ANALYZER_NUMBER_OBJECT_CONVERSION = YES_AGGRESSIVE;
				CLANG_CXX_LANGUAGE_STANDARD = "gnu++14";
				CLANG_CXX_LIBRARY = "libc++";
				CLANG_ENABLE_MODULES = YES;
				CLANG_ENABLE_OBJC_ARC = YES;
				CLANG_ENABLE_OBJC_WEAK = YES;
				CLANG_WARN_BLOCK_CAPTURE_AUTORELEASING = YES;
				CLANG_WARN_BOOL_CONVERSION = YES;
				CLANG_WARN_COMMA = YES;
				CLANG_WARN_CONSTANT_CONVERSION = YES;
				CLANG_WARN_DEPRECATED_OBJC_IMPLEMENTATIONS = YES;
				CLANG_WARN_DIRECT_OBJC_ISA_USAGE = YES_ERROR;
				CLANG_WARN_DOCUMENTATION_COMMENTS = YES;
				CLANG_WARN_EMPTY_BODY = YES;
				CLANG_WARN_ENUM_CONVERSION = YES;
				CLANG_WARN_INFINITE_RECURSION = YES;
				CLANG_WARN_INT_CONVERSION = YES;
				CLANG_WARN_NON_LITERAL_NULL_CONVERSION = YES;
				CLANG_WARN_OBJC_IMPLICIT_RETAIN_SELF = YES;
				CLANG_WARN_OBJC_LITERAL_CONVERSION = YES;
				CLANG_WARN_OBJC_ROOT_CLASS = YES_ERROR;
				CLANG_WARN_QUOTED_INCLUDE_IN_FRAMEWORK_HEADER = YES;
				CLANG_WARN_RANGE_LOOP_ANALYSIS = YES;
				CLANG_WARN_STRICT_PROTOTYPES = YES;
				CLANG_WARN_SUSPICIOUS_MOVE = YES;
				CLANG_WARN_UNGUARDED_AVAILABILITY = YES_AGGRESSIVE;
				CLANG_WARN_UNREACHABLE_CODE = YES;
				CLANG_WARN__DUPLICATE_METHOD_MATCH = YES;
				COPY_PHASE_STRIP = NO;
				DEBUG_INFORMATION_FORMAT = dwarf;
				ENABLE_STRICT_OBJC_MSGSEND = YES;
				ENABLE_TESTABILITY = YES;
				GCC_C_LANGUAGE_STANDARD = gnu11;
				GCC_DYNAMIC_NO_PIC = NO;
				GCC_NO_COMMON_BLOCKS = YES;
				GCC_OPTIMIZATION_LEVEL = 0;
				GCC_PREPROCESSOR_DEFINITIONS = (
					"DEBUG=1",
					"$(inherited)",
				);
				GCC_WARN_64_TO_32_BIT_CONVERSION = YES;
				GCC_WARN_ABOUT_RETURN_TYPE = YES_ERROR;
				GCC_WARN_UNDECLARED_SELECTOR = YES;
				GCC_WARN_UNINITIALIZED_AUTOS = YES_AGGRESSIVE;
				GCC_WARN_UNUSED_FUNCTION = YES;
				GCC_WARN_UNUSED_VARIABLE = YES;
				IPHONEOS_DEPLOYMENT_TARGET = 13.0;
				MTL_ENABLE_DEBUG_INFO = INCLUDE_SOURCE;
				MTL_FAST_MATH = YES;
				ONLY_ACTIVE_ARCH = YES;
				SDKROOT = iphoneos;
				SWIFT_ACTIVE_COMPILATION_CONDITIONS = DEBUG;
				SWIFT_OPTIMIZATION_LEVEL = "-Onone";
				SWIFT_VERSION = 5.0;
			};
			name = Debug;
		};
		6521C13127CC863300952542 /* Release */ = {
			isa = XCBuildConfiguration;
			buildSettings = {
				ALWAYS_SEARCH_USER_PATHS = NO;
				CLANG_ANALYZER_NONNULL = YES;
				CLANG_ANALYZER_NUMBER_OBJECT_CONVERSION = YES_AGGRESSIVE;
				CLANG_CXX_LANGUAGE_STANDARD = "gnu++14";
				CLANG_CXX_LIBRARY = "libc++";
				CLANG_ENABLE_MODULES = YES;
				CLANG_ENABLE_OBJC_ARC = YES;
				CLANG_ENABLE_OBJC_WEAK = YES;
				CLANG_WARN_BLOCK_CAPTURE_AUTORELEASING = YES;
				CLANG_WARN_BOOL_CONVERSION = YES;
				CLANG_WARN_COMMA = YES;
				CLANG_WARN_CONSTANT_CONVERSION = YES;
				CLANG_WARN_DEPRECATED_OBJC_IMPLEMENTATIONS = YES;
				CLANG_WARN_DIRECT_OBJC_ISA_USAGE = YES_ERROR;
				CLANG_WARN_DOCUMENTATION_COMMENTS = YES;
				CLANG_WARN_EMPTY_BODY = YES;
				CLANG_WARN_ENUM_CONVERSION = YES;
				CLANG_WARN_INFINITE_RECURSION = YES;
				CLANG_WARN_INT_CONVERSION = YES;
				CLANG_WARN_NON_LITERAL_NULL_CONVERSION = YES;
				CLANG_WARN_OBJC_IMPLICIT_RETAIN_SELF = YES;
				CLANG_WARN_OBJC_LITERAL_CONVERSION = YES;
				CLANG_WARN_OBJC_ROOT_CLASS = YES_ERROR;
				CLANG_WARN_QUOTED_INCLUDE_IN_FRAMEWORK_HEADER = YES;
				CLANG_WARN_RANGE_LOOP_ANALYSIS = YES;
				CLANG_WARN_STRICT_PROTOTYPES = YES;
				CLANG_WARN_SUSPICIOUS_MOVE = YES;
				CLANG_WARN_UNGUARDED_AVAILABILITY = YES_AGGRESSIVE;
				CLANG_WARN_UNREACHABLE_CODE = YES;
				CLANG_WARN__DUPLICATE_METHOD_MATCH = YES;
				COPY_PHASE_STRIP = NO;
				DEBUG_INFORMATION_FORMAT = "dwarf-with-dsym";
				ENABLE_NS_ASSERTIONS = NO;
				ENABLE_STRICT_OBJC_MSGSEND = YES;
				GCC_C_LANGUAGE_STANDARD = gnu11;
				GCC_NO_COMMON_BLOCKS = YES;
				GCC_WARN_64_TO_32_BIT_CONVERSION = YES;
				GCC_WARN_ABOUT_RETURN_TYPE = YES_ERROR;
				GCC_WARN_UNDECLARED_SELECTOR = YES;
				GCC_WARN_UNINITIALIZED_AUTOS = YES_AGGRESSIVE;
				GCC_WARN_UNUSED_FUNCTION = YES;
				GCC_WARN_UNUSED_VARIABLE = YES;
				IPHONEOS_DEPLOYMENT_TARGET = 13.0;
				MTL_ENABLE_DEBUG_INFO = NO;
				MTL_FAST_MATH = YES;
				SDKROOT = iphoneos;
				SWIFT_COMPILATION_MODE = wholemodule;
				SWIFT_OPTIMIZATION_LEVEL = "-O";
				SWIFT_VERSION = 5.0;
				VALIDATE_PRODUCT = YES;
			};
			name = Release;
		};
		6521C13327CC863300952542 /* Debug */ = {
			isa = XCBuildConfiguration;
			baseConfigurationReference = 527C517C059ED95D94E8E5AB /* Pods-HiArt.debug.xcconfig */;
			buildSettings = {
				ASSETCATALOG_COMPILER_APPICON_NAME = AppIcon;
				ASSETCATALOG_COMPILER_GLOBAL_ACCENT_COLOR_NAME = AccentColor;
				CODE_SIGN_STYLE = Automatic;
				DEVELOPMENT_TEAM = ZLFQG83687;
				INFOPLIST_FILE = HiArt/SupportingFiles/Info.plist;
				IPHONEOS_DEPLOYMENT_TARGET = 12.3;
				LD_RUNPATH_SEARCH_PATHS = (
					"$(inherited)",
					"@executable_path/Frameworks",
				);
				PRODUCT_BUNDLE_IDENTIFIER = com.danielch.HiArt;
				PRODUCT_NAME = "$(TARGET_NAME)";
				SWIFT_VERSION = 5.0;
				TARGETED_DEVICE_FAMILY = 1;
			};
			name = Debug;
		};
		6521C13427CC863300952542 /* Release */ = {
			isa = XCBuildConfiguration;
			baseConfigurationReference = A967231204BAA8D6E3D5B81E /* Pods-HiArt.release.xcconfig */;
			buildSettings = {
				ASSETCATALOG_COMPILER_APPICON_NAME = AppIcon;
				ASSETCATALOG_COMPILER_GLOBAL_ACCENT_COLOR_NAME = AccentColor;
				CODE_SIGN_STYLE = Automatic;
				DEVELOPMENT_TEAM = ZLFQG83687;
				INFOPLIST_FILE = HiArt/SupportingFiles/Info.plist;
				IPHONEOS_DEPLOYMENT_TARGET = 12.3;
				LD_RUNPATH_SEARCH_PATHS = (
					"$(inherited)",
					"@executable_path/Frameworks",
				);
				PRODUCT_BUNDLE_IDENTIFIER = com.danielch.HiArt;
				PRODUCT_NAME = "$(TARGET_NAME)";
				SWIFT_VERSION = 5.0;
				TARGETED_DEVICE_FAMILY = 1;
			};
			name = Release;
		};
		6521C13627CC863300952542 /* Debug */ = {
			isa = XCBuildConfiguration;
			baseConfigurationReference = 4D6B0CA8A8480EDDD6590690 /* Pods-HiArtTests.debug.xcconfig */;
			buildSettings = {
				ALWAYS_EMBED_SWIFT_STANDARD_LIBRARIES = YES;
				BUNDLE_LOADER = "$(TEST_HOST)";
				CODE_SIGN_STYLE = Automatic;
				DEVELOPMENT_TEAM = ZLFQG83687;
				INFOPLIST_FILE = HiArtTests/Info.plist;
				IPHONEOS_DEPLOYMENT_TARGET = 14.4;
				LD_RUNPATH_SEARCH_PATHS = (
					"$(inherited)",
					"@executable_path/Frameworks",
					"@loader_path/Frameworks",
				);
				PRODUCT_BUNDLE_IDENTIFIER = com.danielch.HiArtTests;
				PRODUCT_NAME = "$(TARGET_NAME)";
				SWIFT_VERSION = 5.0;
				TARGETED_DEVICE_FAMILY = "1,2";
				TEST_HOST = "$(BUILT_PRODUCTS_DIR)/HiArt.app/HiArt";
			};
			name = Debug;
		};
		6521C13727CC863300952542 /* Release */ = {
			isa = XCBuildConfiguration;
			baseConfigurationReference = E02C526A56DEF4C8C1CC1A11 /* Pods-HiArtTests.release.xcconfig */;
			buildSettings = {
				ALWAYS_EMBED_SWIFT_STANDARD_LIBRARIES = YES;
				BUNDLE_LOADER = "$(TEST_HOST)";
				CODE_SIGN_STYLE = Automatic;
				DEVELOPMENT_TEAM = ZLFQG83687;
				INFOPLIST_FILE = HiArtTests/Info.plist;
				IPHONEOS_DEPLOYMENT_TARGET = 14.4;
				LD_RUNPATH_SEARCH_PATHS = (
					"$(inherited)",
					"@executable_path/Frameworks",
					"@loader_path/Frameworks",
				);
				PRODUCT_BUNDLE_IDENTIFIER = com.danielch.HiArtTests;
				PRODUCT_NAME = "$(TARGET_NAME)";
				SWIFT_VERSION = 5.0;
				TARGETED_DEVICE_FAMILY = "1,2";
				TEST_HOST = "$(BUILT_PRODUCTS_DIR)/HiArt.app/HiArt";
			};
			name = Release;
		};
		6521C13927CC863300952542 /* Debug */ = {
			isa = XCBuildConfiguration;
			baseConfigurationReference = 68323EE185C97225DD84159E /* Pods-HiArt-HiArtUITests.debug.xcconfig */;
			buildSettings = {
				ALWAYS_EMBED_SWIFT_STANDARD_LIBRARIES = YES;
				CODE_SIGN_STYLE = Automatic;
				DEVELOPMENT_TEAM = ZLFQG83687;
				INFOPLIST_FILE = HiArtUITests/Info.plist;
				LD_RUNPATH_SEARCH_PATHS = (
					"$(inherited)",
					"@executable_path/Frameworks",
					"@loader_path/Frameworks",
				);
				PRODUCT_BUNDLE_IDENTIFIER = com.danielch.HiArtUITests;
				PRODUCT_NAME = "$(TARGET_NAME)";
				SWIFT_VERSION = 5.0;
				TARGETED_DEVICE_FAMILY = "1,2";
				TEST_TARGET_NAME = HiArt;
			};
			name = Debug;
		};
		6521C13A27CC863300952542 /* Release */ = {
			isa = XCBuildConfiguration;
			baseConfigurationReference = 047EC4C974D4EEBE4DC511C9 /* Pods-HiArt-HiArtUITests.release.xcconfig */;
			buildSettings = {
				ALWAYS_EMBED_SWIFT_STANDARD_LIBRARIES = YES;
				CODE_SIGN_STYLE = Automatic;
				DEVELOPMENT_TEAM = ZLFQG83687;
				INFOPLIST_FILE = HiArtUITests/Info.plist;
				LD_RUNPATH_SEARCH_PATHS = (
					"$(inherited)",
					"@executable_path/Frameworks",
					"@loader_path/Frameworks",
				);
				PRODUCT_BUNDLE_IDENTIFIER = com.danielch.HiArtUITests;
				PRODUCT_NAME = "$(TARGET_NAME)";
				SWIFT_VERSION = 5.0;
				TARGETED_DEVICE_FAMILY = "1,2";
				TEST_TARGET_NAME = HiArt;
			};
			name = Release;
		};
/* End XCBuildConfiguration section */

/* Begin XCConfigurationList section */
		6521C10327CC863100952542 /* Build configuration list for PBXProject "HiArt" */ = {
			isa = XCConfigurationList;
			buildConfigurations = (
				6521C13027CC863300952542 /* Debug */,
				6521C13127CC863300952542 /* Release */,
			);
			defaultConfigurationIsVisible = 0;
			defaultConfigurationName = Release;
		};
		6521C13227CC863300952542 /* Build configuration list for PBXNativeTarget "HiArt" */ = {
			isa = XCConfigurationList;
			buildConfigurations = (
				6521C13327CC863300952542 /* Debug */,
				6521C13427CC863300952542 /* Release */,
			);
			defaultConfigurationIsVisible = 0;
			defaultConfigurationName = Release;
		};
		6521C13527CC863300952542 /* Build configuration list for PBXNativeTarget "HiArtTests" */ = {
			isa = XCConfigurationList;
			buildConfigurations = (
				6521C13627CC863300952542 /* Debug */,
				6521C13727CC863300952542 /* Release */,
			);
			defaultConfigurationIsVisible = 0;
			defaultConfigurationName = Release;
		};
		6521C13827CC863300952542 /* Build configuration list for PBXNativeTarget "HiArtUITests" */ = {
			isa = XCConfigurationList;
			buildConfigurations = (
				6521C13927CC863300952542 /* Debug */,
				6521C13A27CC863300952542 /* Release */,
			);
			defaultConfigurationIsVisible = 0;
			defaultConfigurationName = Release;
		};
/* End XCConfigurationList section */

/* Begin XCRemoteSwiftPackageReference section */
		657739A627D16E420010FCC9 /* XCRemoteSwiftPackageReference "Alamofire" */ = {
			isa = XCRemoteSwiftPackageReference;
			repositoryURL = "https://github.com/Alamofire/Alamofire.git";
			requirement = {
				kind = upToNextMajorVersion;
				minimumVersion = 5.4.4;
			};
		};
/* End XCRemoteSwiftPackageReference section */

/* Begin XCSwiftPackageProductDependency section */
		657739A727D16E420010FCC9 /* Alamofire */ = {
			isa = XCSwiftPackageProductDependency;
			package = 657739A627D16E420010FCC9 /* XCRemoteSwiftPackageReference "Alamofire" */;
			productName = Alamofire;
		};
/* End XCSwiftPackageProductDependency section */
	};
	rootObject = 6521C10027CC863100952542 /* Project object */;
}
