// !$*UTF8*$!
{
	archiveVersion = 1;
	classes = {
	};
	objectVersion = 53;
	objects = {

/* Begin PBXBuildFile section */
		0B44676D20A2AEFE5A2C01FD /* libPods-HiArt.a in Frameworks */ = {isa = PBXBuildFile; fileRef = C9BB13FB00B0D94351FF8FF4 /* libPods-HiArt.a */; };
		651FA4AB29CD464200CF946F /* LoginView.swift in Sources */ = {isa = PBXBuildFile; fileRef = 651FA4AA29CD464200CF946F /* LoginView.swift */; };
		651FA4B029CD465000CF946F /* LoginViewController.swift in Sources */ = {isa = PBXBuildFile; fileRef = 651FA4AF29CD465000CF946F /* LoginViewController.swift */; };
		651FA4B529CD466500CF946F /* LoginViewControllerProtocol.swift in Sources */ = {isa = PBXBuildFile; fileRef = 651FA4B429CD466500CF946F /* LoginViewControllerProtocol.swift */; };
		6521C10C27CC863100952542 /* AppDelegate.swift in Sources */ = {isa = PBXBuildFile; fileRef = 6521C10B27CC863100952542 /* AppDelegate.swift */; };
		6521C11327CC863100952542 /* Main.storyboard in Resources */ = {isa = PBXBuildFile; fileRef = 6521C11127CC863100952542 /* Main.storyboard */; };
		6521C11527CC863300952542 /* Assets.xcassets in Resources */ = {isa = PBXBuildFile; fileRef = 6521C11427CC863300952542 /* Assets.xcassets */; };
		6521C11827CC863300952542 /* LaunchScreen.storyboard in Resources */ = {isa = PBXBuildFile; fileRef = 6521C11627CC863300952542 /* LaunchScreen.storyboard */; };
		6521C12327CC863300952542 /* HiArtTests.swift in Sources */ = {isa = PBXBuildFile; fileRef = 6521C12227CC863300952542 /* HiArtTests.swift */; };
		6521C12E27CC863300952542 /* HiArtUITests.swift in Sources */ = {isa = PBXBuildFile; fileRef = 6521C12D27CC863300952542 /* HiArtUITests.swift */; };
		6529383529B3A69D0070BFEF /* Localizable.strings in Resources */ = {isa = PBXBuildFile; fileRef = 6529383729B3A69D0070BFEF /* Localizable.strings */; };
		6529384A29B3AC2A0070BFEF /* String.swift in Sources */ = {isa = PBXBuildFile; fileRef = 6529384929B3AC2A0070BFEF /* String.swift */; };
		652E753229BCD23F00A19601 /* FirebaseAnalyticsProtocol.swift in Sources */ = {isa = PBXBuildFile; fileRef = 652E753129BCD23F00A19601 /* FirebaseAnalyticsProtocol.swift */; };
		652E753B29BCD37400A19601 /* FirebaseAnalytics.swift in Sources */ = {isa = PBXBuildFile; fileRef = 652E753A29BCD37400A19601 /* FirebaseAnalytics.swift */; };
		65351713292DC4AE003C542E /* StringTests.swift in Sources */ = {isa = PBXBuildFile; fileRef = 65351712292DC4AE003C542E /* StringTests.swift */; };
		654A53D229D0F945007C29D1 /* ProfileView.swift in Sources */ = {isa = PBXBuildFile; fileRef = 654A53D129D0F945007C29D1 /* ProfileView.swift */; };
		654A53D729D0F956007C29D1 /* ProfileViewController.swift in Sources */ = {isa = PBXBuildFile; fileRef = 654A53D629D0F956007C29D1 /* ProfileViewController.swift */; };
		654A53DC29D0F969007C29D1 /* ProfileViewControllerProtocol.swift in Sources */ = {isa = PBXBuildFile; fileRef = 654A53DB29D0F969007C29D1 /* ProfileViewControllerProtocol.swift */; };
		655AF4D5294BF2BB0001EE11 /* Label.swift in Sources */ = {isa = PBXBuildFile; fileRef = 655AF4D4294BF2BB0001EE11 /* Label.swift */; };
		655AF4DA294C03900001EE11 /* Button.swift in Sources */ = {isa = PBXBuildFile; fileRef = 655AF4D9294C03900001EE11 /* Button.swift */; };
		655AF4E7294C0C500001EE11 /* Font.swift in Sources */ = {isa = PBXBuildFile; fileRef = 655AF4E6294C0C500001EE11 /* Font.swift */; };
		655AF4ED294C12F50001EE11 /* Constants.swift in Sources */ = {isa = PBXBuildFile; fileRef = 655AF4EC294C12F50001EE11 /* Constants.swift */; };
		657739A827D16E420010FCC9 /* Alamofire in Frameworks */ = {isa = PBXBuildFile; productRef = 657739A727D16E420010FCC9 /* Alamofire */; };
		658DEEC7294C163100F45BC9 /* FontTests.swift in Sources */ = {isa = PBXBuildFile; fileRef = 658DEEC6294C163100F45BC9 /* FontTests.swift */; };
		658DEECC294C191B00F45BC9 /* ButtonTests.swift in Sources */ = {isa = PBXBuildFile; fileRef = 658DEECB294C191B00F45BC9 /* ButtonTests.swift */; };
		658DF85C29C7D404000691BA /* FirebaseUserManager.swift in Sources */ = {isa = PBXBuildFile; fileRef = 658DF85B29C7D404000691BA /* FirebaseUserManager.swift */; };
		658DF86429C95D29000691BA /* FirebaseManager.swift in Sources */ = {isa = PBXBuildFile; fileRef = 658DF86329C95D29000691BA /* FirebaseManager.swift */; };
		6597A39227D1A3AC00AA7365 /* StackView.swift in Sources */ = {isa = PBXBuildFile; fileRef = 6597A39127D1A3AC00AA7365 /* StackView.swift */; };
		65A3558C29CBD0F60011F9A2 /* ServerConfiguration.swift in Sources */ = {isa = PBXBuildFile; fileRef = 65A3558B29CBD0F60011F9A2 /* ServerConfiguration.swift */; };
		65B9FF4B27CD77D000BA459B /* OnboardingView.swift in Sources */ = {isa = PBXBuildFile; fileRef = 65B9FF4A27CD77CF00BA459B /* OnboardingView.swift */; };
		65B9FF5027CD77E100BA459B /* OnboardingViewModel.swift in Sources */ = {isa = PBXBuildFile; fileRef = 65B9FF4F27CD77E100BA459B /* OnboardingViewModel.swift */; };
		65B9FF5C27CD793B00BA459B /* Session.swift in Sources */ = {isa = PBXBuildFile; fileRef = 65B9FF5B27CD793B00BA459B /* Session.swift */; };
		65B9FF6427CD79E900BA459B /* UserDefaultsProvider.swift in Sources */ = {isa = PBXBuildFile; fileRef = 65B9FF6327CD79E900BA459B /* UserDefaultsProvider.swift */; };
		65B9FF6E27CD7AC300BA459B /* Constants.swift in Sources */ = {isa = PBXBuildFile; fileRef = 65B9FF6D27CD7AC300BA459B /* Constants.swift */; };
		65B9FF7327CD7AD800BA459B /* UIConstants.swift in Sources */ = {isa = PBXBuildFile; fileRef = 65B9FF7227CD7AD800BA459B /* UIConstants.swift */; };
		65B9FF9127CDA63800BA459B /* Coordinator.swift in Sources */ = {isa = PBXBuildFile; fileRef = 65B9FF9027CDA63800BA459B /* Coordinator.swift */; };
		65B9FF9627CDA6A300BA459B /* MainCoordinator.swift in Sources */ = {isa = PBXBuildFile; fileRef = 65B9FF9527CDA6A300BA459B /* MainCoordinator.swift */; };
		65B9FF9B27CDA9CF00BA459B /* OnboardingViewController.swift in Sources */ = {isa = PBXBuildFile; fileRef = 65B9FF9A27CDA9CF00BA459B /* OnboardingViewController.swift */; };
		65B9FFA327CDC5B600BA459B /* RegisterViewController.swift in Sources */ = {isa = PBXBuildFile; fileRef = 65B9FFA227CDC5B600BA459B /* RegisterViewController.swift */; };
		65B9FFA827CDC5BF00BA459B /* RegisterView.swift in Sources */ = {isa = PBXBuildFile; fileRef = 65B9FFA727CDC5BF00BA459B /* RegisterView.swift */; };
		65BCB4B427CEB62F00390E0B /* SceneDelegate.swift in Sources */ = {isa = PBXBuildFile; fileRef = 65BCB4B327CEB62F00390E0B /* SceneDelegate.swift */; };
		65BCB4C927CF087600390E0B /* OnboardingControllerProtocol.swift in Sources */ = {isa = PBXBuildFile; fileRef = 65BCB4C827CF087600390E0B /* OnboardingControllerProtocol.swift */; };
		65BCB4CF27CF094200390E0B /* BaseViewController.swift in Sources */ = {isa = PBXBuildFile; fileRef = 65BCB4CE27CF094200390E0B /* BaseViewController.swift */; };
		65BCB4D527CF09AB00390E0B /* BaseView.swift in Sources */ = {isa = PBXBuildFile; fileRef = 65BCB4D427CF09AB00390E0B /* BaseView.swift */; };
		65BCB4DA27CF0CAD00390E0B /* ViewConfigurationProtocol.swift in Sources */ = {isa = PBXBuildFile; fileRef = 65BCB4D927CF0CAD00390E0B /* ViewConfigurationProtocol.swift */; };
		65BCB4DF27CF0DF900390E0B /* View.swift in Sources */ = {isa = PBXBuildFile; fileRef = 65BCB4DE27CF0DF900390E0B /* View.swift */; };
		65BDC33829C2B20400A57858 /* FirebaseAuth.swift in Sources */ = {isa = PBXBuildFile; fileRef = 65BDC33729C2B20400A57858 /* FirebaseAuth.swift */; };
		65BDC34829C2BD6800A57858 /* RegisterViewControllerProtocol.swift in Sources */ = {isa = PBXBuildFile; fileRef = 65BDC34729C2BD6800A57858 /* RegisterViewControllerProtocol.swift */; };
		65F2585929B97DF700A69CD0 /* GoogleService-Info.plist in Resources */ = {isa = PBXBuildFile; fileRef = 65F2585829B97DF700A69CD0 /* GoogleService-Info.plist */; };
		65F2585D29B97E0F00A69CD0 /* GoogleService-Info.plist in Resources */ = {isa = PBXBuildFile; fileRef = 65F2585829B97DF700A69CD0 /* GoogleService-Info.plist */; };
		65F2586129B97E0F00A69CD0 /* GoogleService-Info.plist in Resources */ = {isa = PBXBuildFile; fileRef = 65F2585829B97DF700A69CD0 /* GoogleService-Info.plist */; };
		65F2586729B98B9A00A69CD0 /* FirebaseAppDistribution-Beta in Frameworks */ = {isa = PBXBuildFile; productRef = 65F2586629B98B9A00A69CD0 /* FirebaseAppDistribution-Beta */; };
		65F2586929B98B9A00A69CD0 /* FirebaseMessaging in Frameworks */ = {isa = PBXBuildFile; productRef = 65F2586829B98B9A00A69CD0 /* FirebaseMessaging */; };
		65F2586B29B98B9A00A69CD0 /* FirebaseInstallations in Frameworks */ = {isa = PBXBuildFile; productRef = 65F2586A29B98B9A00A69CD0 /* FirebaseInstallations */; };
		65F2587129B98B9A00A69CD0 /* FirebaseStorage in Frameworks */ = {isa = PBXBuildFile; productRef = 65F2587029B98B9A00A69CD0 /* FirebaseStorage */; };
		65F2587329B98B9A00A69CD0 /* FirebaseAuth in Frameworks */ = {isa = PBXBuildFile; productRef = 65F2587229B98B9A00A69CD0 /* FirebaseAuth */; };
		65F2587529B98B9A00A69CD0 /* FirebaseAnalytics in Frameworks */ = {isa = PBXBuildFile; productRef = 65F2587429B98B9A00A69CD0 /* FirebaseAnalytics */; };
		65F2587729B98B9A00A69CD0 /* FirebaseDynamicLinks in Frameworks */ = {isa = PBXBuildFile; productRef = 65F2587629B98B9A00A69CD0 /* FirebaseDynamicLinks */; };
		65F2587929B98B9A00A69CD0 /* FirebaseFirestore in Frameworks */ = {isa = PBXBuildFile; productRef = 65F2587829B98B9A00A69CD0 /* FirebaseFirestore */; };
		65F2587B29B98B9A00A69CD0 /* FirebaseInAppMessaging-Beta in Frameworks */ = {isa = PBXBuildFile; productRef = 65F2587A29B98B9A00A69CD0 /* FirebaseInAppMessaging-Beta */; };
		65F2587D29B98B9A00A69CD0 /* FirebaseFunctions in Frameworks */ = {isa = PBXBuildFile; productRef = 65F2587C29B98B9A00A69CD0 /* FirebaseFunctions */; };
		65F2587F29B98B9A00A69CD0 /* FirebaseRemoteConfig in Frameworks */ = {isa = PBXBuildFile; productRef = 65F2587E29B98B9A00A69CD0 /* FirebaseRemoteConfig */; };
		65F2588129B98B9A00A69CD0 /* FirebaseCrashlytics in Frameworks */ = {isa = PBXBuildFile; productRef = 65F2588029B98B9A00A69CD0 /* FirebaseCrashlytics */; };
		65F2588329B98B9A00A69CD0 /* FirebaseDatabase in Frameworks */ = {isa = PBXBuildFile; productRef = 65F2588229B98B9A00A69CD0 /* FirebaseDatabase */; };
		65FD0F1329C002820019962B /* ViewController.swift in Sources */ = {isa = PBXBuildFile; fileRef = 65FD0F1229C002820019962B /* ViewController.swift */; };
		90E52D2497FEE54A05579D36 /* libPods-HiArtTests.a in Frameworks */ = {isa = PBXBuildFile; fileRef = CEE948BB7B204A05C8CE74DA /* libPods-HiArtTests.a */; };
		DD7DAD632AB1782600D826FD /* DummyViewController.swift in Sources */ = {isa = PBXBuildFile; fileRef = DD7DAD622AB1782600D826FD /* DummyViewController.swift */; };
		DD7DAD652AB1786A00D826FD /* DummyView.swift in Sources */ = {isa = PBXBuildFile; fileRef = DD7DAD642AB1786A00D826FD /* DummyView.swift */; };
		DDEB492D2BC34BDE0028FBDE /* LoginCoordinator.swift in Sources */ = {isa = PBXBuildFile; fileRef = DDEB492C2BC34BDE0028FBDE /* LoginCoordinator.swift */; };
		DDEB49302BC34D530028FBDE /* ProfileCoordinator.swift in Sources */ = {isa = PBXBuildFile; fileRef = DDEB492F2BC34D530028FBDE /* ProfileCoordinator.swift */; };
		DDEB49352BC350B10028FBDE /* LaunchScreenView.swift in Sources */ = {isa = PBXBuildFile; fileRef = DDEB49342BC350B10028FBDE /* LaunchScreenView.swift */; };
		DDEB49372BC3513E0028FBDE /* LaunchScreenViewController.swift in Sources */ = {isa = PBXBuildFile; fileRef = DDEB49362BC3513E0028FBDE /* LaunchScreenViewController.swift */; };
		DDEB49392BC35A9B0028FBDE /* Color.swift in Sources */ = {isa = PBXBuildFile; fileRef = DDEB49382BC35A9B0028FBDE /* Color.swift */; };
		ED4BA9F5B6F11D1A06F053F9 /* libPods-HiArt-HiArtUITests.a in Frameworks */ = {isa = PBXBuildFile; fileRef = 0F5EFF2DAC957E3B6CA6A465 /* libPods-HiArt-HiArtUITests.a */; };
/* End PBXBuildFile section */

/* Begin PBXContainerItemProxy section */
		6521C11F27CC863300952542 /* PBXContainerItemProxy */ = {
			isa = PBXContainerItemProxy;
			containerPortal = 6521C10027CC863100952542 /* Project object */;
			proxyType = 1;
			remoteGlobalIDString = 6521C10727CC863100952542;
			remoteInfo = HiArt;
		};
		6521C12A27CC863300952542 /* PBXContainerItemProxy */ = {
			isa = PBXContainerItemProxy;
			containerPortal = 6521C10027CC863100952542 /* Project object */;
			proxyType = 1;
			remoteGlobalIDString = 6521C10727CC863100952542;
			remoteInfo = HiArt;
		};
/* End PBXContainerItemProxy section */

/* Begin PBXFileReference section */
		047EC4C974D4EEBE4DC511C9 /* Pods-HiArt-HiArtUITests.release.xcconfig */ = {isa = PBXFileReference; includeInIndex = 1; lastKnownFileType = text.xcconfig; name = "Pods-HiArt-HiArtUITests.release.xcconfig"; path = "Target Support Files/Pods-HiArt-HiArtUITests/Pods-HiArt-HiArtUITests.release.xcconfig"; sourceTree = "<group>"; };
		0F5EFF2DAC957E3B6CA6A465 /* libPods-HiArt-HiArtUITests.a */ = {isa = PBXFileReference; explicitFileType = archive.ar; includeInIndex = 0; path = "libPods-HiArt-HiArtUITests.a"; sourceTree = BUILT_PRODUCTS_DIR; };
		18B08C67570CCD5A7970002F /* Pods-HiArtTests.prod.xcconfig */ = {isa = PBXFileReference; includeInIndex = 1; lastKnownFileType = text.xcconfig; name = "Pods-HiArtTests.prod.xcconfig"; path = "Target Support Files/Pods-HiArtTests/Pods-HiArtTests.prod.xcconfig"; sourceTree = "<group>"; };
		304D25AE33E5CCB7E93E1D5B /* Pods-HiArt.prod.xcconfig */ = {isa = PBXFileReference; includeInIndex = 1; lastKnownFileType = text.xcconfig; name = "Pods-HiArt.prod.xcconfig"; path = "Target Support Files/Pods-HiArt/Pods-HiArt.prod.xcconfig"; sourceTree = "<group>"; };
		4D6B0CA8A8480EDDD6590690 /* Pods-HiArtTests.debug.xcconfig */ = {isa = PBXFileReference; includeInIndex = 1; lastKnownFileType = text.xcconfig; name = "Pods-HiArtTests.debug.xcconfig"; path = "Target Support Files/Pods-HiArtTests/Pods-HiArtTests.debug.xcconfig"; sourceTree = "<group>"; };
		527C517C059ED95D94E8E5AB /* Pods-HiArt.debug.xcconfig */ = {isa = PBXFileReference; includeInIndex = 1; lastKnownFileType = text.xcconfig; name = "Pods-HiArt.debug.xcconfig"; path = "Target Support Files/Pods-HiArt/Pods-HiArt.debug.xcconfig"; sourceTree = "<group>"; };
		5A7B90A01ADE7D910DBBE424 /* Pods-HiArtTests.develop.xcconfig */ = {isa = PBXFileReference; includeInIndex = 1; lastKnownFileType = text.xcconfig; name = "Pods-HiArtTests.develop.xcconfig"; path = "Target Support Files/Pods-HiArtTests/Pods-HiArtTests.develop.xcconfig"; sourceTree = "<group>"; };
		651FA4AA29CD464200CF946F /* LoginView.swift */ = {isa = PBXFileReference; lastKnownFileType = sourcecode.swift; path = LoginView.swift; sourceTree = "<group>"; };
		651FA4AF29CD465000CF946F /* LoginViewController.swift */ = {isa = PBXFileReference; lastKnownFileType = sourcecode.swift; path = LoginViewController.swift; sourceTree = "<group>"; };
		651FA4B429CD466500CF946F /* LoginViewControllerProtocol.swift */ = {isa = PBXFileReference; lastKnownFileType = sourcecode.swift; path = LoginViewControllerProtocol.swift; sourceTree = "<group>"; };
		6521C10827CC863100952542 /* HiArt.app */ = {isa = PBXFileReference; explicitFileType = wrapper.application; includeInIndex = 0; path = HiArt.app; sourceTree = BUILT_PRODUCTS_DIR; };
		6521C10B27CC863100952542 /* AppDelegate.swift */ = {isa = PBXFileReference; lastKnownFileType = sourcecode.swift; path = AppDelegate.swift; sourceTree = "<group>"; };
		6521C11227CC863100952542 /* Base */ = {isa = PBXFileReference; lastKnownFileType = file.storyboard; name = Base; path = Base.lproj/Main.storyboard; sourceTree = "<group>"; };
		6521C11427CC863300952542 /* Assets.xcassets */ = {isa = PBXFileReference; lastKnownFileType = folder.assetcatalog; path = Assets.xcassets; sourceTree = "<group>"; };
		6521C11727CC863300952542 /* Base */ = {isa = PBXFileReference; lastKnownFileType = file.storyboard; name = Base; path = Base.lproj/LaunchScreen.storyboard; sourceTree = "<group>"; };
		6521C11927CC863300952542 /* Info.plist */ = {isa = PBXFileReference; lastKnownFileType = text.plist.xml; path = Info.plist; sourceTree = "<group>"; };
		6521C11E27CC863300952542 /* HiArtTests.xctest */ = {isa = PBXFileReference; explicitFileType = wrapper.cfbundle; includeInIndex = 0; path = HiArtTests.xctest; sourceTree = BUILT_PRODUCTS_DIR; };
		6521C12227CC863300952542 /* HiArtTests.swift */ = {isa = PBXFileReference; lastKnownFileType = sourcecode.swift; path = HiArtTests.swift; sourceTree = "<group>"; };
		6521C12427CC863300952542 /* Info.plist */ = {isa = PBXFileReference; lastKnownFileType = text.plist.xml; path = Info.plist; sourceTree = "<group>"; };
		6521C12927CC863300952542 /* HiArtUITests.xctest */ = {isa = PBXFileReference; explicitFileType = wrapper.cfbundle; includeInIndex = 0; path = HiArtUITests.xctest; sourceTree = BUILT_PRODUCTS_DIR; };
		6521C12D27CC863300952542 /* HiArtUITests.swift */ = {isa = PBXFileReference; lastKnownFileType = sourcecode.swift; path = HiArtUITests.swift; sourceTree = "<group>"; };
		6521C12F27CC863300952542 /* Info.plist */ = {isa = PBXFileReference; lastKnownFileType = text.plist.xml; path = Info.plist; sourceTree = "<group>"; };
		6529382829B3A5B20070BFEF /* es-419 */ = {isa = PBXFileReference; lastKnownFileType = text.plist.strings; name = "es-419"; path = "es-419.lproj/LaunchScreen.strings"; sourceTree = "<group>"; };
		6529382C29B3A5B30070BFEF /* es-419 */ = {isa = PBXFileReference; lastKnownFileType = text.plist.strings; name = "es-419"; path = "../Util/es-419.lproj/Localizable.strings"; sourceTree = "<group>"; };
		6529383629B3A69D0070BFEF /* es-419 */ = {isa = PBXFileReference; lastKnownFileType = text.plist.strings; name = "es-419"; path = "es-419.lproj/Localizable.strings"; sourceTree = "<group>"; };
		6529383F29B3A9870070BFEF /* en */ = {isa = PBXFileReference; lastKnownFileType = text.plist.strings; name = en; path = en.lproj/Localizable.strings; sourceTree = "<group>"; };
		6529384929B3AC2A0070BFEF /* String.swift */ = {isa = PBXFileReference; lastKnownFileType = sourcecode.swift; path = String.swift; sourceTree = "<group>"; };
		652E753129BCD23F00A19601 /* FirebaseAnalyticsProtocol.swift */ = {isa = PBXFileReference; lastKnownFileType = sourcecode.swift; name = FirebaseAnalyticsProtocol.swift; path = HiArt/Provider/Services/Firebase/Analytics/FirebaseAnalyticsProtocol.swift; sourceTree = SOURCE_ROOT; };
		652E753A29BCD37400A19601 /* FirebaseAnalytics.swift */ = {isa = PBXFileReference; lastKnownFileType = sourcecode.swift; name = FirebaseAnalytics.swift; path = HiArt/Provider/Services/Firebase/Analytics/FirebaseAnalytics.swift; sourceTree = SOURCE_ROOT; };
		65351712292DC4AE003C542E /* StringTests.swift */ = {isa = PBXFileReference; lastKnownFileType = sourcecode.swift; path = StringTests.swift; sourceTree = "<group>"; };
		654A53D129D0F945007C29D1 /* ProfileView.swift */ = {isa = PBXFileReference; lastKnownFileType = sourcecode.swift; path = ProfileView.swift; sourceTree = "<group>"; };
		654A53D629D0F956007C29D1 /* ProfileViewController.swift */ = {isa = PBXFileReference; lastKnownFileType = sourcecode.swift; path = ProfileViewController.swift; sourceTree = "<group>"; };
		654A53DB29D0F969007C29D1 /* ProfileViewControllerProtocol.swift */ = {isa = PBXFileReference; lastKnownFileType = sourcecode.swift; path = ProfileViewControllerProtocol.swift; sourceTree = "<group>"; };
		655AF4D4294BF2BB0001EE11 /* Label.swift */ = {isa = PBXFileReference; lastKnownFileType = sourcecode.swift; path = Label.swift; sourceTree = "<group>"; };
		655AF4D9294C03900001EE11 /* Button.swift */ = {isa = PBXFileReference; lastKnownFileType = sourcecode.swift; path = Button.swift; sourceTree = "<group>"; };
		655AF4E6294C0C500001EE11 /* Font.swift */ = {isa = PBXFileReference; lastKnownFileType = sourcecode.swift; path = Font.swift; sourceTree = "<group>"; };
		655AF4EC294C12F50001EE11 /* Constants.swift */ = {isa = PBXFileReference; lastKnownFileType = sourcecode.swift; path = Constants.swift; sourceTree = "<group>"; };
		658DEEC6294C163100F45BC9 /* FontTests.swift */ = {isa = PBXFileReference; lastKnownFileType = sourcecode.swift; path = FontTests.swift; sourceTree = "<group>"; };
		658DEECB294C191B00F45BC9 /* ButtonTests.swift */ = {isa = PBXFileReference; lastKnownFileType = sourcecode.swift; path = ButtonTests.swift; sourceTree = "<group>"; };
		658DF85B29C7D404000691BA /* FirebaseUserManager.swift */ = {isa = PBXFileReference; lastKnownFileType = sourcecode.swift; name = FirebaseUserManager.swift; path = HiArt/Provider/Services/Firebase/Users/FirebaseUserManager.swift; sourceTree = SOURCE_ROOT; };
		658DF86329C95D29000691BA /* FirebaseManager.swift */ = {isa = PBXFileReference; lastKnownFileType = sourcecode.swift; name = FirebaseManager.swift; path = HiArt/Provider/Services/Firebase/FirebaseManager.swift; sourceTree = SOURCE_ROOT; };
		6597A39127D1A3AC00AA7365 /* StackView.swift */ = {isa = PBXFileReference; lastKnownFileType = sourcecode.swift; path = StackView.swift; sourceTree = "<group>"; };
		65A3558B29CBD0F60011F9A2 /* ServerConfiguration.swift */ = {isa = PBXFileReference; lastKnownFileType = sourcecode.swift; path = ServerConfiguration.swift; sourceTree = "<group>"; };
		65B9FF4A27CD77CF00BA459B /* OnboardingView.swift */ = {isa = PBXFileReference; lastKnownFileType = sourcecode.swift; path = OnboardingView.swift; sourceTree = "<group>"; };
		65B9FF4F27CD77E100BA459B /* OnboardingViewModel.swift */ = {isa = PBXFileReference; lastKnownFileType = sourcecode.swift; path = OnboardingViewModel.swift; sourceTree = "<group>"; };
		65B9FF5B27CD793B00BA459B /* Session.swift */ = {isa = PBXFileReference; lastKnownFileType = sourcecode.swift; path = Session.swift; sourceTree = "<group>"; };
		65B9FF6327CD79E900BA459B /* UserDefaultsProvider.swift */ = {isa = PBXFileReference; lastKnownFileType = sourcecode.swift; path = UserDefaultsProvider.swift; sourceTree = "<group>"; };
		65B9FF6D27CD7AC300BA459B /* Constants.swift */ = {isa = PBXFileReference; lastKnownFileType = sourcecode.swift; path = Constants.swift; sourceTree = "<group>"; };
		65B9FF7227CD7AD800BA459B /* UIConstants.swift */ = {isa = PBXFileReference; lastKnownFileType = sourcecode.swift; path = UIConstants.swift; sourceTree = "<group>"; };
		65B9FF9027CDA63800BA459B /* Coordinator.swift */ = {isa = PBXFileReference; lastKnownFileType = sourcecode.swift; path = Coordinator.swift; sourceTree = "<group>"; };
		65B9FF9527CDA6A300BA459B /* MainCoordinator.swift */ = {isa = PBXFileReference; lastKnownFileType = sourcecode.swift; path = MainCoordinator.swift; sourceTree = "<group>"; };
		65B9FF9A27CDA9CF00BA459B /* OnboardingViewController.swift */ = {isa = PBXFileReference; lastKnownFileType = sourcecode.swift; path = OnboardingViewController.swift; sourceTree = "<group>"; };
		65B9FFA227CDC5B600BA459B /* RegisterViewController.swift */ = {isa = PBXFileReference; lastKnownFileType = sourcecode.swift; path = RegisterViewController.swift; sourceTree = "<group>"; };
		65B9FFA727CDC5BF00BA459B /* RegisterView.swift */ = {isa = PBXFileReference; lastKnownFileType = sourcecode.swift; path = RegisterView.swift; sourceTree = "<group>"; };
		65BCB4B327CEB62F00390E0B /* SceneDelegate.swift */ = {isa = PBXFileReference; fileEncoding = 4; lastKnownFileType = sourcecode.swift; path = SceneDelegate.swift; sourceTree = "<group>"; };
		65BCB4C827CF087600390E0B /* OnboardingControllerProtocol.swift */ = {isa = PBXFileReference; lastKnownFileType = sourcecode.swift; path = OnboardingControllerProtocol.swift; sourceTree = "<group>"; };
		65BCB4CE27CF094200390E0B /* BaseViewController.swift */ = {isa = PBXFileReference; lastKnownFileType = sourcecode.swift; path = BaseViewController.swift; sourceTree = "<group>"; };
		65BCB4D427CF09AB00390E0B /* BaseView.swift */ = {isa = PBXFileReference; lastKnownFileType = sourcecode.swift; path = BaseView.swift; sourceTree = "<group>"; };
		65BCB4D927CF0CAD00390E0B /* ViewConfigurationProtocol.swift */ = {isa = PBXFileReference; lastKnownFileType = sourcecode.swift; path = ViewConfigurationProtocol.swift; sourceTree = "<group>"; };
		65BCB4DE27CF0DF900390E0B /* View.swift */ = {isa = PBXFileReference; lastKnownFileType = sourcecode.swift; path = View.swift; sourceTree = "<group>"; };
		65BDC33729C2B20400A57858 /* FirebaseAuth.swift */ = {isa = PBXFileReference; lastKnownFileType = sourcecode.swift; name = FirebaseAuth.swift; path = HiArt/Provider/Services/Firebase/Authentication/FirebaseAuth.swift; sourceTree = SOURCE_ROOT; };
		65BDC34729C2BD6800A57858 /* RegisterViewControllerProtocol.swift */ = {isa = PBXFileReference; lastKnownFileType = sourcecode.swift; path = RegisterViewControllerProtocol.swift; sourceTree = "<group>"; };
		65F2585829B97DF700A69CD0 /* GoogleService-Info.plist */ = {isa = PBXFileReference; fileEncoding = 4; lastKnownFileType = text.plist.xml; path = "GoogleService-Info.plist"; sourceTree = "<group>"; };
		65FD0F1229C002820019962B /* ViewController.swift */ = {isa = PBXFileReference; lastKnownFileType = sourcecode.swift; path = ViewController.swift; sourceTree = "<group>"; };
		68323EE185C97225DD84159E /* Pods-HiArt-HiArtUITests.debug.xcconfig */ = {isa = PBXFileReference; includeInIndex = 1; lastKnownFileType = text.xcconfig; name = "Pods-HiArt-HiArtUITests.debug.xcconfig"; path = "Target Support Files/Pods-HiArt-HiArtUITests/Pods-HiArt-HiArtUITests.debug.xcconfig"; sourceTree = "<group>"; };
		A967231204BAA8D6E3D5B81E /* Pods-HiArt.release.xcconfig */ = {isa = PBXFileReference; includeInIndex = 1; lastKnownFileType = text.xcconfig; name = "Pods-HiArt.release.xcconfig"; path = "Target Support Files/Pods-HiArt/Pods-HiArt.release.xcconfig"; sourceTree = "<group>"; };
		A9FDC420BE1E71F8C0771440 /* Pods-HiArt.develop.xcconfig */ = {isa = PBXFileReference; includeInIndex = 1; lastKnownFileType = text.xcconfig; name = "Pods-HiArt.develop.xcconfig"; path = "Target Support Files/Pods-HiArt/Pods-HiArt.develop.xcconfig"; sourceTree = "<group>"; };
		B1D72875071A7013A7B636FB /* Pods-HiArt-HiArtUITests.develop.xcconfig */ = {isa = PBXFileReference; includeInIndex = 1; lastKnownFileType = text.xcconfig; name = "Pods-HiArt-HiArtUITests.develop.xcconfig"; path = "Target Support Files/Pods-HiArt-HiArtUITests/Pods-HiArt-HiArtUITests.develop.xcconfig"; sourceTree = "<group>"; };
		C9BB13FB00B0D94351FF8FF4 /* libPods-HiArt.a */ = {isa = PBXFileReference; explicitFileType = archive.ar; includeInIndex = 0; path = "libPods-HiArt.a"; sourceTree = BUILT_PRODUCTS_DIR; };
		CEE948BB7B204A05C8CE74DA /* libPods-HiArtTests.a */ = {isa = PBXFileReference; explicitFileType = archive.ar; includeInIndex = 0; path = "libPods-HiArtTests.a"; sourceTree = BUILT_PRODUCTS_DIR; };
		DD7DAD622AB1782600D826FD /* DummyViewController.swift */ = {isa = PBXFileReference; lastKnownFileType = sourcecode.swift; path = DummyViewController.swift; sourceTree = "<group>"; };
		DD7DAD642AB1786A00D826FD /* DummyView.swift */ = {isa = PBXFileReference; lastKnownFileType = sourcecode.swift; path = DummyView.swift; sourceTree = "<group>"; };
		DDEB492C2BC34BDE0028FBDE /* LoginCoordinator.swift */ = {isa = PBXFileReference; lastKnownFileType = sourcecode.swift; path = LoginCoordinator.swift; sourceTree = "<group>"; };
		DDEB492F2BC34D530028FBDE /* ProfileCoordinator.swift */ = {isa = PBXFileReference; lastKnownFileType = sourcecode.swift; path = ProfileCoordinator.swift; sourceTree = "<group>"; };
		DDEB49342BC350B10028FBDE /* LaunchScreenView.swift */ = {isa = PBXFileReference; lastKnownFileType = sourcecode.swift; path = LaunchScreenView.swift; sourceTree = "<group>"; };
		DDEB49362BC3513E0028FBDE /* LaunchScreenViewController.swift */ = {isa = PBXFileReference; lastKnownFileType = sourcecode.swift; path = LaunchScreenViewController.swift; sourceTree = "<group>"; };
		DDEB49382BC35A9B0028FBDE /* Color.swift */ = {isa = PBXFileReference; lastKnownFileType = sourcecode.swift; path = Color.swift; sourceTree = "<group>"; };
		E02C526A56DEF4C8C1CC1A11 /* Pods-HiArtTests.release.xcconfig */ = {isa = PBXFileReference; includeInIndex = 1; lastKnownFileType = text.xcconfig; name = "Pods-HiArtTests.release.xcconfig"; path = "Target Support Files/Pods-HiArtTests/Pods-HiArtTests.release.xcconfig"; sourceTree = "<group>"; };
		E2AF80E3BE46818A1B7B0BC8 /* Pods-HiArt-HiArtUITests.prod.xcconfig */ = {isa = PBXFileReference; includeInIndex = 1; lastKnownFileType = text.xcconfig; name = "Pods-HiArt-HiArtUITests.prod.xcconfig"; path = "Target Support Files/Pods-HiArt-HiArtUITests/Pods-HiArt-HiArtUITests.prod.xcconfig"; sourceTree = "<group>"; };
/* End PBXFileReference section */

/* Begin PBXFrameworksBuildPhase section */
		6521C10527CC863100952542 /* Frameworks */ = {
			isa = PBXFrameworksBuildPhase;
			buildActionMask = 2147483647;
			files = (
				65F2587B29B98B9A00A69CD0 /* FirebaseInAppMessaging-Beta in Frameworks */,
				65F2587D29B98B9A00A69CD0 /* FirebaseFunctions in Frameworks */,
				65F2586929B98B9A00A69CD0 /* FirebaseMessaging in Frameworks */,
				65F2587729B98B9A00A69CD0 /* FirebaseDynamicLinks in Frameworks */,
				657739A827D16E420010FCC9 /* Alamofire in Frameworks */,
				65F2588329B98B9A00A69CD0 /* FirebaseDatabase in Frameworks */,
				65F2587929B98B9A00A69CD0 /* FirebaseFirestore in Frameworks */,
				65F2587329B98B9A00A69CD0 /* FirebaseAuth in Frameworks */,
				65F2587F29B98B9A00A69CD0 /* FirebaseRemoteConfig in Frameworks */,
				65F2586729B98B9A00A69CD0 /* FirebaseAppDistribution-Beta in Frameworks */,
				65F2587129B98B9A00A69CD0 /* FirebaseStorage in Frameworks */,
				65F2586B29B98B9A00A69CD0 /* FirebaseInstallations in Frameworks */,
				65F2588129B98B9A00A69CD0 /* FirebaseCrashlytics in Frameworks */,
				65F2587529B98B9A00A69CD0 /* FirebaseAnalytics in Frameworks */,
				0B44676D20A2AEFE5A2C01FD /* libPods-HiArt.a in Frameworks */,
			);
			runOnlyForDeploymentPostprocessing = 0;
		};
		6521C11B27CC863300952542 /* Frameworks */ = {
			isa = PBXFrameworksBuildPhase;
			buildActionMask = 2147483647;
			files = (
				90E52D2497FEE54A05579D36 /* libPods-HiArtTests.a in Frameworks */,
			);
			runOnlyForDeploymentPostprocessing = 0;
		};
		6521C12627CC863300952542 /* Frameworks */ = {
			isa = PBXFrameworksBuildPhase;
			buildActionMask = 2147483647;
			files = (
				ED4BA9F5B6F11D1A06F053F9 /* libPods-HiArt-HiArtUITests.a in Frameworks */,
			);
			runOnlyForDeploymentPostprocessing = 0;
		};
/* End PBXFrameworksBuildPhase section */

/* Begin PBXGroup section */
		4E467CFA12B9B59E4EECBA79 /* Frameworks */ = {
			isa = PBXGroup;
			children = (
				C9BB13FB00B0D94351FF8FF4 /* libPods-HiArt.a */,
				0F5EFF2DAC957E3B6CA6A465 /* libPods-HiArt-HiArtUITests.a */,
				CEE948BB7B204A05C8CE74DA /* libPods-HiArtTests.a */,
			);
			name = Frameworks;
			sourceTree = "<group>";
		};
		651FA4A929CD462A00CF946F /* Login */ = {
			isa = PBXGroup;
			children = (
				DDEB492B2BC34BC50028FBDE /* Coordinator */,
				651FA4AA29CD464200CF946F /* LoginView.swift */,
				651FA4AF29CD465000CF946F /* LoginViewController.swift */,
				651FA4B429CD466500CF946F /* LoginViewControllerProtocol.swift */,
			);
			path = Login;
			sourceTree = "<group>";
		};
		6521C0FF27CC863100952542 = {
			isa = PBXGroup;
			children = (
				6521C10A27CC863100952542 /* HiArt */,
				6521C12127CC863300952542 /* HiArtTests */,
				6521C12C27CC863300952542 /* HiArtUITests */,
				6521C10927CC863100952542 /* Products */,
				C4E0C6DE13288DA1A666C7A1 /* Pods */,
				4E467CFA12B9B59E4EECBA79 /* Frameworks */,
			);
			sourceTree = "<group>";
		};
		6521C10927CC863100952542 /* Products */ = {
			isa = PBXGroup;
			children = (
				6521C10827CC863100952542 /* HiArt.app */,
				6521C11E27CC863300952542 /* HiArtTests.xctest */,
				6521C12927CC863300952542 /* HiArtUITests.xctest */,
			);
			name = Products;
			sourceTree = "<group>";
		};
		6521C10A27CC863100952542 /* HiArt */ = {
			isa = PBXGroup;
			children = (
				6521C10B27CC863100952542 /* AppDelegate.swift */,
				65BCB4B327CEB62F00390E0B /* SceneDelegate.swift */,
				65B9FF4027CD765100BA459B /* UseCases */,
				65B9FF3E27CD75DA00BA459B /* Model */,
				65A3558A29CBD0A20011F9A2 /* Server */,
				65B9FF3F27CD75E500BA459B /* Provider */,
				65B9FF6B27CD7A7300BA459B /* Util */,
				65B9FF8127CD7B3100BA459B /* SupportingFiles */,
				6521C11427CC863300952542 /* Assets.xcassets */,
			);
			path = HiArt;
			sourceTree = "<group>";
		};
		6521C12127CC863300952542 /* HiArtTests */ = {
			isa = PBXGroup;
			children = (
				655AF4EB294C12E00001EE11 /* Util */,
				6535170F292DC2FC003C542E /* UseCases */,
				6535170E292DC2EF003C542E /* Model */,
				6521C12227CC863300952542 /* HiArtTests.swift */,
				6521C12427CC863300952542 /* Info.plist */,
			);
			path = HiArtTests;
			sourceTree = "<group>";
		};
		6521C12C27CC863300952542 /* HiArtUITests */ = {
			isa = PBXGroup;
			children = (
				6521C12D27CC863300952542 /* HiArtUITests.swift */,
				6521C12F27CC863300952542 /* Info.plist */,
			);
			path = HiArtUITests;
			sourceTree = "<group>";
		};
		652E753929BCD34A00A19601 /* Analytics */ = {
			isa = PBXGroup;
			children = (
				652E753A29BCD37400A19601 /* FirebaseAnalytics.swift */,
				652E753129BCD23F00A19601 /* FirebaseAnalyticsProtocol.swift */,
			);
			path = Analytics;
			sourceTree = "<group>";
		};
		6535170E292DC2EF003C542E /* Model */ = {
			isa = PBXGroup;
			children = (
			);
			path = Model;
			sourceTree = "<group>";
		};
		6535170F292DC2FC003C542E /* UseCases */ = {
			isa = PBXGroup;
			children = (
				65351710292DC399003C542E /* Common */,
			);
			path = UseCases;
			sourceTree = "<group>";
		};
		65351710292DC399003C542E /* Common */ = {
			isa = PBXGroup;
			children = (
			);
			path = Common;
			sourceTree = "<group>";
		};
		65351711292DC495003C542E /* Extension */ = {
			isa = PBXGroup;
			children = (
				65351712292DC4AE003C542E /* StringTests.swift */,
				658DEEC6294C163100F45BC9 /* FontTests.swift */,
				658DEECB294C191B00F45BC9 /* ButtonTests.swift */,
			);
			path = Extension;
			sourceTree = "<group>";
		};
		654A53D029D0F91C007C29D1 /* Profile */ = {
			isa = PBXGroup;
			children = (
				DDEB492E2BC34D400028FBDE /* Coordinator */,
				654A53D129D0F945007C29D1 /* ProfileView.swift */,
				654A53D629D0F956007C29D1 /* ProfileViewController.swift */,
				654A53DB29D0F969007C29D1 /* ProfileViewControllerProtocol.swift */,
			);
			path = Profile;
			sourceTree = "<group>";
		};
		655AF4EB294C12E00001EE11 /* Util */ = {
			isa = PBXGroup;
			children = (
				65351711292DC495003C542E /* Extension */,
				655AF4EC294C12F50001EE11 /* Constants.swift */,
			);
			path = Util;
			sourceTree = "<group>";
		};
		658DF85A29C7D2EA000691BA /* Users */ = {
			isa = PBXGroup;
			children = (
				658DF85B29C7D404000691BA /* FirebaseUserManager.swift */,
			);
			path = Users;
			sourceTree = "<group>";
		};
		6596174F27D1A0EC00043B27 /* Coordinator */ = {
			isa = PBXGroup;
			children = (
				65B9FF9027CDA63800BA459B /* Coordinator.swift */,
				65B9FF9527CDA6A300BA459B /* MainCoordinator.swift */,
			);
			path = Coordinator;
			sourceTree = "<group>";
		};
		65A3558A29CBD0A20011F9A2 /* Server */ = {
			isa = PBXGroup;
			children = (
				65A3558B29CBD0F60011F9A2 /* ServerConfiguration.swift */,
			);
			path = Server;
			sourceTree = "<group>";
		};
		65B9FF3E27CD75DA00BA459B /* Model */ = {
			isa = PBXGroup;
			children = (
				65B9FF5A27CD792700BA459B /* Session */,
			);
			path = Model;
			sourceTree = "<group>";
		};
		65B9FF3F27CD75E500BA459B /* Provider */ = {
			isa = PBXGroup;
			children = (
				65B9FF6127CD79C200BA459B /* Services */,
				65B9FF6027CD79B200BA459B /* UserDefaults */,
			);
			path = Provider;
			sourceTree = "<group>";
		};
		65B9FF4027CD765100BA459B /* UseCases */ = {
			isa = PBXGroup;
			children = (
				DD7DAD612AB1780C00D826FD /* Dummy */,
				651FA4A929CD462A00CF946F /* Login */,
				654A53D029D0F91C007C29D1 /* Profile */,
				65B9FF4827CD76D800BA459B /* LunchScreen */,
				65B9FF4227CD766D00BA459B /* Onboarding */,
				65B9FF4327CD768200BA459B /* Register */,
				65B9FF4427CD768800BA459B /* Home */,
				65B9FF4627CD76BC00BA459B /* Menu */,
			);
			path = UseCases;
			sourceTree = "<group>";
		};
		65B9FF4227CD766D00BA459B /* Onboarding */ = {
			isa = PBXGroup;
			children = (
				65B9FF4A27CD77CF00BA459B /* OnboardingView.swift */,
				65B9FF4F27CD77E100BA459B /* OnboardingViewModel.swift */,
				65B9FF9A27CDA9CF00BA459B /* OnboardingViewController.swift */,
				65BCB4C827CF087600390E0B /* OnboardingControllerProtocol.swift */,
			);
			path = Onboarding;
			sourceTree = "<group>";
		};
		65B9FF4327CD768200BA459B /* Register */ = {
			isa = PBXGroup;
			children = (
				65B9FFA727CDC5BF00BA459B /* RegisterView.swift */,
				65B9FFA227CDC5B600BA459B /* RegisterViewController.swift */,
				65BDC34729C2BD6800A57858 /* RegisterViewControllerProtocol.swift */,
			);
			path = Register;
			sourceTree = "<group>";
		};
		65B9FF4427CD768800BA459B /* Home */ = {
			isa = PBXGroup;
			children = (
			);
			path = Home;
			sourceTree = "<group>";
		};
		65B9FF4627CD76BC00BA459B /* Menu */ = {
			isa = PBXGroup;
			children = (
			);
			path = Menu;
			sourceTree = "<group>";
		};
		65B9FF4727CD76C200BA459B /* Common */ = {
			isa = PBXGroup;
			children = (
				6596174F27D1A0EC00043B27 /* Coordinator */,
				65BCB4D327CF099000390E0B /* BaseView */,
				65BCB4CD27CF090000390E0B /* BaseViewController */,
				65B9FF4927CD770E00BA459B /* Error */,
			);
			path = Common;
			sourceTree = "<group>";
		};
		65B9FF4827CD76D800BA459B /* LunchScreen */ = {
			isa = PBXGroup;
			children = (
				6521C11627CC863300952542 /* LaunchScreen.storyboard */,
				DDEB49342BC350B10028FBDE /* LaunchScreenView.swift */,
				DDEB49362BC3513E0028FBDE /* LaunchScreenViewController.swift */,
			);
			path = LunchScreen;
			sourceTree = "<group>";
		};
		65B9FF4927CD770E00BA459B /* Error */ = {
			isa = PBXGroup;
			children = (
			);
			path = Error;
			sourceTree = "<group>";
		};
		65B9FF5A27CD792700BA459B /* Session */ = {
			isa = PBXGroup;
			children = (
				65B9FF5B27CD793B00BA459B /* Session.swift */,
			);
			path = Session;
			sourceTree = "<group>";
		};
		65B9FF6027CD79B200BA459B /* UserDefaults */ = {
			isa = PBXGroup;
			children = (
				65B9FF6327CD79E900BA459B /* UserDefaultsProvider.swift */,
			);
			path = UserDefaults;
			sourceTree = "<group>";
		};
		65B9FF6127CD79C200BA459B /* Services */ = {
			isa = PBXGroup;
			children = (
				65B9FF6227CD79D500BA459B /* Firebase */,
			);
			path = Services;
			sourceTree = "<group>";
		};
		65B9FF6227CD79D500BA459B /* Firebase */ = {
			isa = PBXGroup;
			children = (
				658DF86329C95D29000691BA /* FirebaseManager.swift */,
				658DF85A29C7D2EA000691BA /* Users */,
				65BDC33629C2B1A900A57858 /* Authentication */,
				652E753929BCD34A00A19601 /* Analytics */,
			);
			path = Firebase;
			sourceTree = "<group>";
		};
		65B9FF6B27CD7A7300BA459B /* Util */ = {
			isa = PBXGroup;
			children = (
				65B9FF4727CD76C200BA459B /* Common */,
				6529383729B3A69D0070BFEF /* Localizable.strings */,
				65B9FF6D27CD7AC300BA459B /* Constants.swift */,
				65B9FF7227CD7AD800BA459B /* UIConstants.swift */,
				65B9FF8027CD7B1200BA459B /* Style */,
				65B9FF7727CD7ADC00BA459B /* Extension */,
			);
			path = Util;
			sourceTree = "<group>";
		};
		65B9FF7727CD7ADC00BA459B /* Extension */ = {
			isa = PBXGroup;
			children = (
				65BCB4DE27CF0DF900390E0B /* View.swift */,
				6597A39127D1A3AC00AA7365 /* StackView.swift */,
				655AF4D4294BF2BB0001EE11 /* Label.swift */,
				655AF4D9294C03900001EE11 /* Button.swift */,
				655AF4E6294C0C500001EE11 /* Font.swift */,
				6529384929B3AC2A0070BFEF /* String.swift */,
				65FD0F1229C002820019962B /* ViewController.swift */,
				DDEB49382BC35A9B0028FBDE /* Color.swift */,
			);
			path = Extension;
			sourceTree = "<group>";
		};
		65B9FF8027CD7B1200BA459B /* Style */ = {
			isa = PBXGroup;
			children = (
			);
			path = Style;
			sourceTree = "<group>";
		};
		65B9FF8127CD7B3100BA459B /* SupportingFiles */ = {
			isa = PBXGroup;
			children = (
				6521C11127CC863100952542 /* Main.storyboard */,
				65F2585829B97DF700A69CD0 /* GoogleService-Info.plist */,
				6521C11927CC863300952542 /* Info.plist */,
			);
			path = SupportingFiles;
			sourceTree = "<group>";
		};
		65BCB4CD27CF090000390E0B /* BaseViewController */ = {
			isa = PBXGroup;
			children = (
				65BCB4CE27CF094200390E0B /* BaseViewController.swift */,
			);
			path = BaseViewController;
			sourceTree = "<group>";
		};
		65BCB4D327CF099000390E0B /* BaseView */ = {
			isa = PBXGroup;
			children = (
				65BCB4D427CF09AB00390E0B /* BaseView.swift */,
				65BCB4D927CF0CAD00390E0B /* ViewConfigurationProtocol.swift */,
			);
			path = BaseView;
			sourceTree = "<group>";
		};
		65BDC33629C2B1A900A57858 /* Authentication */ = {
			isa = PBXGroup;
			children = (
				65BDC33729C2B20400A57858 /* FirebaseAuth.swift */,
			);
			path = Authentication;
			sourceTree = "<group>";
		};
		C4E0C6DE13288DA1A666C7A1 /* Pods */ = {
			isa = PBXGroup;
			children = (
				527C517C059ED95D94E8E5AB /* Pods-HiArt.debug.xcconfig */,
				A967231204BAA8D6E3D5B81E /* Pods-HiArt.release.xcconfig */,
				68323EE185C97225DD84159E /* Pods-HiArt-HiArtUITests.debug.xcconfig */,
				047EC4C974D4EEBE4DC511C9 /* Pods-HiArt-HiArtUITests.release.xcconfig */,
				4D6B0CA8A8480EDDD6590690 /* Pods-HiArtTests.debug.xcconfig */,
				E02C526A56DEF4C8C1CC1A11 /* Pods-HiArtTests.release.xcconfig */,
				A9FDC420BE1E71F8C0771440 /* Pods-HiArt.develop.xcconfig */,
				304D25AE33E5CCB7E93E1D5B /* Pods-HiArt.prod.xcconfig */,
				B1D72875071A7013A7B636FB /* Pods-HiArt-HiArtUITests.develop.xcconfig */,
				E2AF80E3BE46818A1B7B0BC8 /* Pods-HiArt-HiArtUITests.prod.xcconfig */,
				5A7B90A01ADE7D910DBBE424 /* Pods-HiArtTests.develop.xcconfig */,
				18B08C67570CCD5A7970002F /* Pods-HiArtTests.prod.xcconfig */,
			);
			path = Pods;
			sourceTree = "<group>";
		};
		DD7DAD612AB1780C00D826FD /* Dummy */ = {
			isa = PBXGroup;
			children = (
				DD7DAD622AB1782600D826FD /* DummyViewController.swift */,
				DD7DAD642AB1786A00D826FD /* DummyView.swift */,
			);
			path = Dummy;
			sourceTree = "<group>";
		};
		DDEB492B2BC34BC50028FBDE /* Coordinator */ = {
			isa = PBXGroup;
			children = (
				DDEB492C2BC34BDE0028FBDE /* LoginCoordinator.swift */,
			);
			path = Coordinator;
			sourceTree = "<group>";
		};
		DDEB492E2BC34D400028FBDE /* Coordinator */ = {
			isa = PBXGroup;
			children = (
				DDEB492F2BC34D530028FBDE /* ProfileCoordinator.swift */,
			);
			path = Coordinator;
			sourceTree = "<group>";
		};
/* End PBXGroup section */

/* Begin PBXNativeTarget section */
		6521C10727CC863100952542 /* HiArt */ = {
			isa = PBXNativeTarget;
			buildConfigurationList = 6521C13227CC863300952542 /* Build configuration list for PBXNativeTarget "HiArt" */;
			buildPhases = (
				11E114FDDF228AA8CD7B81B2 /* [CP] Check Pods Manifest.lock */,
				65F51F5B27CD661E00392391 /* Run SwiftLint */,
				6521C10427CC863100952542 /* Sources */,
				6521C10527CC863100952542 /* Frameworks */,
				6521C10627CC863100952542 /* Resources */,
			);
			buildRules = (
			);
			dependencies = (
			);
			name = HiArt;
			packageProductDependencies = (
				657739A727D16E420010FCC9 /* Alamofire */,
				65F2586629B98B9A00A69CD0 /* FirebaseAppDistribution-Beta */,
				65F2586829B98B9A00A69CD0 /* FirebaseMessaging */,
				65F2586A29B98B9A00A69CD0 /* FirebaseInstallations */,
				65F2587029B98B9A00A69CD0 /* FirebaseStorage */,
				65F2587229B98B9A00A69CD0 /* FirebaseAuth */,
				65F2587429B98B9A00A69CD0 /* FirebaseAnalytics */,
				65F2587629B98B9A00A69CD0 /* FirebaseDynamicLinks */,
				65F2587829B98B9A00A69CD0 /* FirebaseFirestore */,
				65F2587A29B98B9A00A69CD0 /* FirebaseInAppMessaging-Beta */,
				65F2587C29B98B9A00A69CD0 /* FirebaseFunctions */,
				65F2587E29B98B9A00A69CD0 /* FirebaseRemoteConfig */,
				65F2588029B98B9A00A69CD0 /* FirebaseCrashlytics */,
				65F2588229B98B9A00A69CD0 /* FirebaseDatabase */,
			);
			productName = HiArt;
			productReference = 6521C10827CC863100952542 /* HiArt.app */;
			productType = "com.apple.product-type.application";
		};
		6521C11D27CC863300952542 /* HiArtTests */ = {
			isa = PBXNativeTarget;
			buildConfigurationList = 6521C13527CC863300952542 /* Build configuration list for PBXNativeTarget "HiArtTests" */;
			buildPhases = (
				EC416789C2DC6A3B1072ADB8 /* [CP] Check Pods Manifest.lock */,
				6521C11A27CC863300952542 /* Sources */,
				6521C11B27CC863300952542 /* Frameworks */,
				6521C11C27CC863300952542 /* Resources */,
				65361CDB293D86F300A7FE07 /* SwiftLint */,
			);
			buildRules = (
			);
			dependencies = (
				6521C12027CC863300952542 /* PBXTargetDependency */,
			);
			name = HiArtTests;
			productName = HiArtTests;
			productReference = 6521C11E27CC863300952542 /* HiArtTests.xctest */;
			productType = "com.apple.product-type.bundle.unit-test";
		};
		6521C12827CC863300952542 /* HiArtUITests */ = {
			isa = PBXNativeTarget;
			buildConfigurationList = 6521C13827CC863300952542 /* Build configuration list for PBXNativeTarget "HiArtUITests" */;
			buildPhases = (
				6597BA09764945F2DB4EC4EF /* [CP] Check Pods Manifest.lock */,
				6521C12527CC863300952542 /* Sources */,
				6521C12627CC863300952542 /* Frameworks */,
				6521C12727CC863300952542 /* Resources */,
			);
			buildRules = (
			);
			dependencies = (
				6521C12B27CC863300952542 /* PBXTargetDependency */,
			);
			name = HiArtUITests;
			productName = HiArtUITests;
			productReference = 6521C12927CC863300952542 /* HiArtUITests.xctest */;
			productType = "com.apple.product-type.bundle.ui-testing";
		};
/* End PBXNativeTarget section */

/* Begin PBXProject section */
		6521C10027CC863100952542 /* Project object */ = {
			isa = PBXProject;
			attributes = {
				BuildIndependentTargetsInParallel = YES;
				LastSwiftUpdateCheck = 1240;
				LastUpgradeCheck = 1430;
				TargetAttributes = {
					6521C10727CC863100952542 = {
						CreatedOnToolsVersion = 12.4;
					};
					6521C11D27CC863300952542 = {
						CreatedOnToolsVersion = 12.4;
						TestTargetID = 6521C10727CC863100952542;
					};
					6521C12827CC863300952542 = {
						CreatedOnToolsVersion = 12.4;
						TestTargetID = 6521C10727CC863100952542;
					};
				};
			};
			buildConfigurationList = 6521C10327CC863100952542 /* Build configuration list for PBXProject "HiArt" */;
			compatibilityVersion = "Xcode 9.3";
			developmentRegion = en;
			hasScannedForEncodings = 0;
			knownRegions = (
				en,
				Base,
				"es-419",
			);
			mainGroup = 6521C0FF27CC863100952542;
			packageReferences = (
				657739A627D16E420010FCC9 /* XCRemoteSwiftPackageReference "Alamofire" */,
				65F2586529B98B9A00A69CD0 /* XCRemoteSwiftPackageReference "firebase-ios-sdk" */,
			);
			productRefGroup = 6521C10927CC863100952542 /* Products */;
			projectDirPath = "";
			projectRoot = "";
			targets = (
				6521C10727CC863100952542 /* HiArt */,
				6521C11D27CC863300952542 /* HiArtTests */,
				6521C12827CC863300952542 /* HiArtUITests */,
			);
		};
/* End PBXProject section */

/* Begin PBXResourcesBuildPhase section */
		6521C10627CC863100952542 /* Resources */ = {
			isa = PBXResourcesBuildPhase;
			buildActionMask = 2147483647;
			files = (
				6521C11827CC863300952542 /* LaunchScreen.storyboard in Resources */,
				6529383529B3A69D0070BFEF /* Localizable.strings in Resources */,
				65F2585929B97DF700A69CD0 /* GoogleService-Info.plist in Resources */,
				6521C11527CC863300952542 /* Assets.xcassets in Resources */,
				6521C11327CC863100952542 /* Main.storyboard in Resources */,
			);
			runOnlyForDeploymentPostprocessing = 0;
		};
		6521C11C27CC863300952542 /* Resources */ = {
			isa = PBXResourcesBuildPhase;
			buildActionMask = 2147483647;
			files = (
				65F2585D29B97E0F00A69CD0 /* GoogleService-Info.plist in Resources */,
			);
			runOnlyForDeploymentPostprocessing = 0;
		};
		6521C12727CC863300952542 /* Resources */ = {
			isa = PBXResourcesBuildPhase;
			buildActionMask = 2147483647;
			files = (
				65F2586129B97E0F00A69CD0 /* GoogleService-Info.plist in Resources */,
			);
			runOnlyForDeploymentPostprocessing = 0;
		};
/* End PBXResourcesBuildPhase section */

/* Begin PBXShellScriptBuildPhase section */
		11E114FDDF228AA8CD7B81B2 /* [CP] Check Pods Manifest.lock */ = {
			isa = PBXShellScriptBuildPhase;
			buildActionMask = 2147483647;
			files = (
			);
			inputFileListPaths = (
			);
			inputPaths = (
				"${PODS_PODFILE_DIR_PATH}/Podfile.lock",
				"${PODS_ROOT}/Manifest.lock",
			);
			name = "[CP] Check Pods Manifest.lock";
			outputFileListPaths = (
			);
			outputPaths = (
				"$(DERIVED_FILE_DIR)/Pods-HiArt-checkManifestLockResult.txt",
			);
			runOnlyForDeploymentPostprocessing = 0;
			shellPath = /bin/sh;
			shellScript = "diff \"${PODS_PODFILE_DIR_PATH}/Podfile.lock\" \"${PODS_ROOT}/Manifest.lock\" > /dev/null\nif [ $? != 0 ] ; then\n    # print error to STDERR\n    echo \"error: The sandbox is not in sync with the Podfile.lock. Run 'pod install' or update your CocoaPods installation.\" >&2\n    exit 1\nfi\n# This output is used by Xcode 'outputs' to avoid re-running this script phase.\necho \"SUCCESS\" > \"${SCRIPT_OUTPUT_FILE_0}\"\n";
			showEnvVarsInLog = 0;
		};
		65361CDB293D86F300A7FE07 /* SwiftLint */ = {
			isa = PBXShellScriptBuildPhase;
			buildActionMask = 2147483647;
			files = (
			);
			inputFileListPaths = (
			);
			inputPaths = (
			);
			name = SwiftLint;
			outputFileListPaths = (
			);
			outputPaths = (
			);
			runOnlyForDeploymentPostprocessing = 0;
			shellPath = /bin/sh;
			shellScript = "export PATH=\"$PATH:/opt/homebrew/bin\"\nif which swiftlint > /dev/null; then\n  swiftlint\nelse\n  echo \"warning: SwiftLint not installed, download from https://github.com/realm/SwiftLint\"\nfi\n";
		};
		6597BA09764945F2DB4EC4EF /* [CP] Check Pods Manifest.lock */ = {
			isa = PBXShellScriptBuildPhase;
			buildActionMask = 2147483647;
			files = (
			);
			inputFileListPaths = (
			);
			inputPaths = (
				"${PODS_PODFILE_DIR_PATH}/Podfile.lock",
				"${PODS_ROOT}/Manifest.lock",
			);
			name = "[CP] Check Pods Manifest.lock";
			outputFileListPaths = (
			);
			outputPaths = (
				"$(DERIVED_FILE_DIR)/Pods-HiArt-HiArtUITests-checkManifestLockResult.txt",
			);
			runOnlyForDeploymentPostprocessing = 0;
			shellPath = /bin/sh;
			shellScript = "diff \"${PODS_PODFILE_DIR_PATH}/Podfile.lock\" \"${PODS_ROOT}/Manifest.lock\" > /dev/null\nif [ $? != 0 ] ; then\n    # print error to STDERR\n    echo \"error: The sandbox is not in sync with the Podfile.lock. Run 'pod install' or update your CocoaPods installation.\" >&2\n    exit 1\nfi\n# This output is used by Xcode 'outputs' to avoid re-running this script phase.\necho \"SUCCESS\" > \"${SCRIPT_OUTPUT_FILE_0}\"\n";
			showEnvVarsInLog = 0;
		};
		65F51F5B27CD661E00392391 /* Run SwiftLint */ = {
			isa = PBXShellScriptBuildPhase;
			buildActionMask = 2147483647;
			files = (
			);
			inputFileListPaths = (
			);
			inputPaths = (
			);
			name = "Run SwiftLint";
			outputFileListPaths = (
			);
			outputPaths = (
			);
			runOnlyForDeploymentPostprocessing = 0;
			shellPath = /bin/sh;
			shellScript = "if which \"${PODS_ROOT}/SwiftLint/swiftlint\" >/dev/null; then\n    ${PODS_ROOT}/SwiftLint/swiftlint\nelse\n    echo \"warning: SwiftLint not installed, download from https://github.com/realm/SwiftLint\"\nfi\n";
		};
		EC416789C2DC6A3B1072ADB8 /* [CP] Check Pods Manifest.lock */ = {
			isa = PBXShellScriptBuildPhase;
			buildActionMask = 2147483647;
			files = (
			);
			inputFileListPaths = (
			);
			inputPaths = (
				"${PODS_PODFILE_DIR_PATH}/Podfile.lock",
				"${PODS_ROOT}/Manifest.lock",
			);
			name = "[CP] Check Pods Manifest.lock";
			outputFileListPaths = (
			);
			outputPaths = (
				"$(DERIVED_FILE_DIR)/Pods-HiArtTests-checkManifestLockResult.txt",
			);
			runOnlyForDeploymentPostprocessing = 0;
			shellPath = /bin/sh;
			shellScript = "diff \"${PODS_PODFILE_DIR_PATH}/Podfile.lock\" \"${PODS_ROOT}/Manifest.lock\" > /dev/null\nif [ $? != 0 ] ; then\n    # print error to STDERR\n    echo \"error: The sandbox is not in sync with the Podfile.lock. Run 'pod install' or update your CocoaPods installation.\" >&2\n    exit 1\nfi\n# This output is used by Xcode 'outputs' to avoid re-running this script phase.\necho \"SUCCESS\" > \"${SCRIPT_OUTPUT_FILE_0}\"\n";
			showEnvVarsInLog = 0;
		};
/* End PBXShellScriptBuildPhase section */

/* Begin PBXSourcesBuildPhase section */
		6521C10427CC863100952542 /* Sources */ = {
			isa = PBXSourcesBuildPhase;
			buildActionMask = 2147483647;
			files = (
				65BDC33829C2B20400A57858 /* FirebaseAuth.swift in Sources */,
				65B9FF5C27CD793B00BA459B /* Session.swift in Sources */,
				65B9FF5027CD77E100BA459B /* OnboardingViewModel.swift in Sources */,
				652E753229BCD23F00A19601 /* FirebaseAnalyticsProtocol.swift in Sources */,
				654A53DC29D0F969007C29D1 /* ProfileViewControllerProtocol.swift in Sources */,
				65A3558C29CBD0F60011F9A2 /* ServerConfiguration.swift in Sources */,
				65BCB4DA27CF0CAD00390E0B /* ViewConfigurationProtocol.swift in Sources */,
				DDEB49392BC35A9B0028FBDE /* Color.swift in Sources */,
				654A53D729D0F956007C29D1 /* ProfileViewController.swift in Sources */,
				DDEB49302BC34D530028FBDE /* ProfileCoordinator.swift in Sources */,
				655AF4E7294C0C500001EE11 /* Font.swift in Sources */,
				65BCB4D527CF09AB00390E0B /* BaseView.swift in Sources */,
				651FA4B529CD466500CF946F /* LoginViewControllerProtocol.swift in Sources */,
				65B9FFA327CDC5B600BA459B /* RegisterViewController.swift in Sources */,
				655AF4D5294BF2BB0001EE11 /* Label.swift in Sources */,
				DD7DAD652AB1786A00D826FD /* DummyView.swift in Sources */,
				658DF86429C95D29000691BA /* FirebaseManager.swift in Sources */,
				654A53D229D0F945007C29D1 /* ProfileView.swift in Sources */,
				658DF85C29C7D404000691BA /* FirebaseUserManager.swift in Sources */,
				65FD0F1329C002820019962B /* ViewController.swift in Sources */,
				65BCB4DF27CF0DF900390E0B /* View.swift in Sources */,
				65B9FF6427CD79E900BA459B /* UserDefaultsProvider.swift in Sources */,
				65BCB4B427CEB62F00390E0B /* SceneDelegate.swift in Sources */,
				DDEB49352BC350B10028FBDE /* LaunchScreenView.swift in Sources */,
				65B9FF4B27CD77D000BA459B /* OnboardingView.swift in Sources */,
				DDEB492D2BC34BDE0028FBDE /* LoginCoordinator.swift in Sources */,
				6521C10C27CC863100952542 /* AppDelegate.swift in Sources */,
				65B9FF9127CDA63800BA459B /* Coordinator.swift in Sources */,
				65B9FF7327CD7AD800BA459B /* UIConstants.swift in Sources */,
				65B9FF9627CDA6A300BA459B /* MainCoordinator.swift in Sources */,
				6529384A29B3AC2A0070BFEF /* String.swift in Sources */,
				65B9FF9B27CDA9CF00BA459B /* OnboardingViewController.swift in Sources */,
				65BDC34829C2BD6800A57858 /* RegisterViewControllerProtocol.swift in Sources */,
				65B9FFA827CDC5BF00BA459B /* RegisterView.swift in Sources */,
				DD7DAD632AB1782600D826FD /* DummyViewController.swift in Sources */,
				65BCB4CF27CF094200390E0B /* BaseViewController.swift in Sources */,
				65B9FF6E27CD7AC300BA459B /* Constants.swift in Sources */,
				65BCB4C927CF087600390E0B /* OnboardingControllerProtocol.swift in Sources */,
				652E753B29BCD37400A19601 /* FirebaseAnalytics.swift in Sources */,
				651FA4B029CD465000CF946F /* LoginViewController.swift in Sources */,
				651FA4AB29CD464200CF946F /* LoginView.swift in Sources */,
				6597A39227D1A3AC00AA7365 /* StackView.swift in Sources */,
				DDEB49372BC3513E0028FBDE /* LaunchScreenViewController.swift in Sources */,
				655AF4DA294C03900001EE11 /* Button.swift in Sources */,
			);
			runOnlyForDeploymentPostprocessing = 0;
		};
		6521C11A27CC863300952542 /* Sources */ = {
			isa = PBXSourcesBuildPhase;
			buildActionMask = 2147483647;
			files = (
				658DEEC7294C163100F45BC9 /* FontTests.swift in Sources */,
				65351713292DC4AE003C542E /* StringTests.swift in Sources */,
				658DEECC294C191B00F45BC9 /* ButtonTests.swift in Sources */,
				6521C12327CC863300952542 /* HiArtTests.swift in Sources */,
				655AF4ED294C12F50001EE11 /* Constants.swift in Sources */,
			);
			runOnlyForDeploymentPostprocessing = 0;
		};
		6521C12527CC863300952542 /* Sources */ = {
			isa = PBXSourcesBuildPhase;
			buildActionMask = 2147483647;
			files = (
				6521C12E27CC863300952542 /* HiArtUITests.swift in Sources */,
			);
			runOnlyForDeploymentPostprocessing = 0;
		};
/* End PBXSourcesBuildPhase section */

/* Begin PBXTargetDependency section */
		6521C12027CC863300952542 /* PBXTargetDependency */ = {
			isa = PBXTargetDependency;
			target = 6521C10727CC863100952542 /* HiArt */;
			targetProxy = 6521C11F27CC863300952542 /* PBXContainerItemProxy */;
		};
		6521C12B27CC863300952542 /* PBXTargetDependency */ = {
			isa = PBXTargetDependency;
			target = 6521C10727CC863100952542 /* HiArt */;
			targetProxy = 6521C12A27CC863300952542 /* PBXContainerItemProxy */;
		};
/* End PBXTargetDependency section */

/* Begin PBXVariantGroup section */
		6521C11127CC863100952542 /* Main.storyboard */ = {
			isa = PBXVariantGroup;
			children = (
				6521C11227CC863100952542 /* Base */,
				6529382C29B3A5B30070BFEF /* es-419 */,
			);
			name = Main.storyboard;
			sourceTree = "<group>";
		};
		6521C11627CC863300952542 /* LaunchScreen.storyboard */ = {
			isa = PBXVariantGroup;
			children = (
				6521C11727CC863300952542 /* Base */,
				6529382829B3A5B20070BFEF /* es-419 */,
			);
			name = LaunchScreen.storyboard;
			sourceTree = "<group>";
		};
		6529383729B3A69D0070BFEF /* Localizable.strings */ = {
			isa = PBXVariantGroup;
			children = (
				6529383629B3A69D0070BFEF /* es-419 */,
				6529383F29B3A9870070BFEF /* en */,
			);
			name = Localizable.strings;
			sourceTree = "<group>";
		};
/* End PBXVariantGroup section */

/* Begin XCBuildConfiguration section */
		6521C13027CC863300952542 /* Debug */ = {
			isa = XCBuildConfiguration;
			buildSettings = {
				ALWAYS_SEARCH_USER_PATHS = NO;
				CLANG_ANALYZER_LOCALIZABILITY_NONLOCALIZED = YES;
				CLANG_ANALYZER_NONNULL = YES;
				CLANG_ANALYZER_NUMBER_OBJECT_CONVERSION = YES_AGGRESSIVE;
				CLANG_CXX_LANGUAGE_STANDARD = "gnu++14";
				CLANG_CXX_LIBRARY = "libc++";
				CLANG_ENABLE_MODULES = YES;
				CLANG_ENABLE_OBJC_ARC = YES;
				CLANG_ENABLE_OBJC_WEAK = YES;
				CLANG_WARN_BLOCK_CAPTURE_AUTORELEASING = YES;
				CLANG_WARN_BOOL_CONVERSION = YES;
				CLANG_WARN_COMMA = YES;
				CLANG_WARN_CONSTANT_CONVERSION = YES;
				CLANG_WARN_DEPRECATED_OBJC_IMPLEMENTATIONS = YES;
				CLANG_WARN_DIRECT_OBJC_ISA_USAGE = YES_ERROR;
				CLANG_WARN_DOCUMENTATION_COMMENTS = YES;
				CLANG_WARN_EMPTY_BODY = YES;
				CLANG_WARN_ENUM_CONVERSION = YES;
				CLANG_WARN_INFINITE_RECURSION = YES;
				CLANG_WARN_INT_CONVERSION = YES;
				CLANG_WARN_NON_LITERAL_NULL_CONVERSION = YES;
				CLANG_WARN_OBJC_IMPLICIT_RETAIN_SELF = YES;
				CLANG_WARN_OBJC_LITERAL_CONVERSION = YES;
				CLANG_WARN_OBJC_ROOT_CLASS = YES_ERROR;
				CLANG_WARN_QUOTED_INCLUDE_IN_FRAMEWORK_HEADER = YES;
				CLANG_WARN_RANGE_LOOP_ANALYSIS = YES;
				CLANG_WARN_STRICT_PROTOTYPES = YES;
				CLANG_WARN_SUSPICIOUS_MOVE = YES;
				CLANG_WARN_UNGUARDED_AVAILABILITY = YES_AGGRESSIVE;
				CLANG_WARN_UNREACHABLE_CODE = YES;
				CLANG_WARN__DUPLICATE_METHOD_MATCH = YES;
				COPY_PHASE_STRIP = NO;
				DEBUG_INFORMATION_FORMAT = dwarf;
				ENABLE_STRICT_OBJC_MSGSEND = YES;
				ENABLE_TESTABILITY = YES;
				GCC_C_LANGUAGE_STANDARD = gnu11;
				GCC_DYNAMIC_NO_PIC = NO;
				GCC_NO_COMMON_BLOCKS = YES;
				GCC_OPTIMIZATION_LEVEL = 0;
				GCC_PREPROCESSOR_DEFINITIONS = (
					"DEBUG=1",
					"$(inherited)",
				);
				GCC_WARN_64_TO_32_BIT_CONVERSION = YES;
				GCC_WARN_ABOUT_RETURN_TYPE = YES_ERROR;
				GCC_WARN_UNDECLARED_SELECTOR = YES;
				GCC_WARN_UNINITIALIZED_AUTOS = YES_AGGRESSIVE;
				GCC_WARN_UNUSED_FUNCTION = YES;
				GCC_WARN_UNUSED_VARIABLE = YES;
				IPHONEOS_DEPLOYMENT_TARGET = 13.0;
				MTL_ENABLE_DEBUG_INFO = INCLUDE_SOURCE;
				MTL_FAST_MATH = YES;
				ONLY_ACTIVE_ARCH = YES;
				SDKROOT = iphoneos;
				SWIFT_ACTIVE_COMPILATION_CONDITIONS = DEBUG;
				SWIFT_OPTIMIZATION_LEVEL = "-Onone";
				SWIFT_VERSION = 5.0;
			};
			name = Debug;
		};
		6521C13127CC863300952542 /* Release */ = {
			isa = XCBuildConfiguration;
			buildSettings = {
				ALWAYS_SEARCH_USER_PATHS = NO;
				CLANG_ANALYZER_LOCALIZABILITY_NONLOCALIZED = YES;
				CLANG_ANALYZER_NONNULL = YES;
				CLANG_ANALYZER_NUMBER_OBJECT_CONVERSION = YES_AGGRESSIVE;
				CLANG_CXX_LANGUAGE_STANDARD = "gnu++14";
				CLANG_CXX_LIBRARY = "libc++";
				CLANG_ENABLE_MODULES = YES;
				CLANG_ENABLE_OBJC_ARC = YES;
				CLANG_ENABLE_OBJC_WEAK = YES;
				CLANG_WARN_BLOCK_CAPTURE_AUTORELEASING = YES;
				CLANG_WARN_BOOL_CONVERSION = YES;
				CLANG_WARN_COMMA = YES;
				CLANG_WARN_CONSTANT_CONVERSION = YES;
				CLANG_WARN_DEPRECATED_OBJC_IMPLEMENTATIONS = YES;
				CLANG_WARN_DIRECT_OBJC_ISA_USAGE = YES_ERROR;
				CLANG_WARN_DOCUMENTATION_COMMENTS = YES;
				CLANG_WARN_EMPTY_BODY = YES;
				CLANG_WARN_ENUM_CONVERSION = YES;
				CLANG_WARN_INFINITE_RECURSION = YES;
				CLANG_WARN_INT_CONVERSION = YES;
				CLANG_WARN_NON_LITERAL_NULL_CONVERSION = YES;
				CLANG_WARN_OBJC_IMPLICIT_RETAIN_SELF = YES;
				CLANG_WARN_OBJC_LITERAL_CONVERSION = YES;
				CLANG_WARN_OBJC_ROOT_CLASS = YES_ERROR;
				CLANG_WARN_QUOTED_INCLUDE_IN_FRAMEWORK_HEADER = YES;
				CLANG_WARN_RANGE_LOOP_ANALYSIS = YES;
				CLANG_WARN_STRICT_PROTOTYPES = YES;
				CLANG_WARN_SUSPICIOUS_MOVE = YES;
				CLANG_WARN_UNGUARDED_AVAILABILITY = YES_AGGRESSIVE;
				CLANG_WARN_UNREACHABLE_CODE = YES;
				CLANG_WARN__DUPLICATE_METHOD_MATCH = YES;
				COPY_PHASE_STRIP = NO;
				DEBUG_INFORMATION_FORMAT = "dwarf-with-dsym";
				ENABLE_NS_ASSERTIONS = NO;
				ENABLE_STRICT_OBJC_MSGSEND = YES;
				GCC_C_LANGUAGE_STANDARD = gnu11;
				GCC_NO_COMMON_BLOCKS = YES;
				GCC_WARN_64_TO_32_BIT_CONVERSION = YES;
				GCC_WARN_ABOUT_RETURN_TYPE = YES_ERROR;
				GCC_WARN_UNDECLARED_SELECTOR = YES;
				GCC_WARN_UNINITIALIZED_AUTOS = YES_AGGRESSIVE;
				GCC_WARN_UNUSED_FUNCTION = YES;
				GCC_WARN_UNUSED_VARIABLE = YES;
				IPHONEOS_DEPLOYMENT_TARGET = 13.0;
				MTL_ENABLE_DEBUG_INFO = NO;
				MTL_FAST_MATH = YES;
				SDKROOT = iphoneos;
				SWIFT_COMPILATION_MODE = wholemodule;
				SWIFT_OPTIMIZATION_LEVEL = "-O";
				SWIFT_VERSION = 5.0;
				VALIDATE_PRODUCT = YES;
			};
			name = Release;
		};
		6521C13327CC863300952542 /* Debug */ = {
			isa = XCBuildConfiguration;
			baseConfigurationReference = 527C517C059ED95D94E8E5AB /* Pods-HiArt.debug.xcconfig */;
			buildSettings = {
				ASSETCATALOG_COMPILER_APPICON_NAME = AppIcon;
				ASSETCATALOG_COMPILER_GLOBAL_ACCENT_COLOR_NAME = AccentColor;
				CODE_SIGN_STYLE = Automatic;
				DEVELOPMENT_TEAM = ZLFQG83687;
				INFOPLIST_FILE = HiArt/SupportingFiles/Info.plist;
				IPHONEOS_DEPLOYMENT_TARGET = 13.0;
				LD_RUNPATH_SEARCH_PATHS = (
					"$(inherited)",
					"@executable_path/Frameworks",
				);
				PRODUCT_BUNDLE_IDENTIFIER = com.danielch.HiArt;
				PRODUCT_NAME = "$(TARGET_NAME)";
				SWIFT_VERSION = 5.0;
				TARGETED_DEVICE_FAMILY = 1;
			};
			name = Debug;
		};
		6521C13427CC863300952542 /* Release */ = {
			isa = XCBuildConfiguration;
			baseConfigurationReference = A967231204BAA8D6E3D5B81E /* Pods-HiArt.release.xcconfig */;
			buildSettings = {
				ASSETCATALOG_COMPILER_APPICON_NAME = AppIcon;
				ASSETCATALOG_COMPILER_GLOBAL_ACCENT_COLOR_NAME = AccentColor;
				CODE_SIGN_STYLE = Automatic;
				DEVELOPMENT_TEAM = ZLFQG83687;
				INFOPLIST_FILE = HiArt/SupportingFiles/Info.plist;
				IPHONEOS_DEPLOYMENT_TARGET = 13.0;
				LD_RUNPATH_SEARCH_PATHS = (
					"$(inherited)",
					"@executable_path/Frameworks",
				);
				PRODUCT_BUNDLE_IDENTIFIER = com.danielch.HiArt;
				PRODUCT_NAME = "$(TARGET_NAME)";
				SWIFT_ACTIVE_COMPILATION_CONDITIONS = RELEASE;
				SWIFT_VERSION = 5.0;
				TARGETED_DEVICE_FAMILY = 1;
			};
			name = Release;
		};
		6521C13627CC863300952542 /* Debug */ = {
			isa = XCBuildConfiguration;
			baseConfigurationReference = 4D6B0CA8A8480EDDD6590690 /* Pods-HiArtTests.debug.xcconfig */;
			buildSettings = {
				ALWAYS_EMBED_SWIFT_STANDARD_LIBRARIES = YES;
				BUNDLE_LOADER = "$(TEST_HOST)";
				CODE_SIGN_STYLE = Automatic;
				DEVELOPMENT_TEAM = ZLFQG83687;
				INFOPLIST_FILE = HiArtTests/Info.plist;
				IPHONEOS_DEPLOYMENT_TARGET = 14.4;
				LD_RUNPATH_SEARCH_PATHS = (
					"$(inherited)",
					"@executable_path/Frameworks",
					"@loader_path/Frameworks",
				);
				PRODUCT_BUNDLE_IDENTIFIER = com.danielch.HiArtTests;
				PRODUCT_NAME = "$(TARGET_NAME)";
				SWIFT_VERSION = 5.0;
				TARGETED_DEVICE_FAMILY = "1,2";
				TEST_HOST = "$(BUILT_PRODUCTS_DIR)/HiArt.app/HiArt";
			};
			name = Debug;
		};
		6521C13727CC863300952542 /* Release */ = {
			isa = XCBuildConfiguration;
			baseConfigurationReference = E02C526A56DEF4C8C1CC1A11 /* Pods-HiArtTests.release.xcconfig */;
			buildSettings = {
				ALWAYS_EMBED_SWIFT_STANDARD_LIBRARIES = YES;
				BUNDLE_LOADER = "$(TEST_HOST)";
				CODE_SIGN_STYLE = Automatic;
				DEVELOPMENT_TEAM = ZLFQG83687;
				INFOPLIST_FILE = HiArtTests/Info.plist;
				IPHONEOS_DEPLOYMENT_TARGET = 14.4;
				LD_RUNPATH_SEARCH_PATHS = (
					"$(inherited)",
					"@executable_path/Frameworks",
					"@loader_path/Frameworks",
				);
				PRODUCT_BUNDLE_IDENTIFIER = com.danielch.HiArtTests;
				PRODUCT_NAME = "$(TARGET_NAME)";
				SWIFT_VERSION = 5.0;
				TARGETED_DEVICE_FAMILY = "1,2";
				TEST_HOST = "$(BUILT_PRODUCTS_DIR)/HiArt.app/HiArt";
			};
			name = Release;
		};
		6521C13927CC863300952542 /* Debug */ = {
			isa = XCBuildConfiguration;
			baseConfigurationReference = 68323EE185C97225DD84159E /* Pods-HiArt-HiArtUITests.debug.xcconfig */;
			buildSettings = {
				ALWAYS_EMBED_SWIFT_STANDARD_LIBRARIES = YES;
				CODE_SIGN_STYLE = Automatic;
				DEVELOPMENT_TEAM = ZLFQG83687;
				INFOPLIST_FILE = HiArtUITests/Info.plist;
				LD_RUNPATH_SEARCH_PATHS = (
					"$(inherited)",
					"@executable_path/Frameworks",
					"@loader_path/Frameworks",
				);
				PRODUCT_BUNDLE_IDENTIFIER = com.danielch.HiArtUITests;
				PRODUCT_NAME = "$(TARGET_NAME)";
				SWIFT_VERSION = 5.0;
				TARGETED_DEVICE_FAMILY = "1,2";
				TEST_TARGET_NAME = HiArt;
			};
			name = Debug;
		};
		6521C13A27CC863300952542 /* Release */ = {
			isa = XCBuildConfiguration;
			baseConfigurationReference = 047EC4C974D4EEBE4DC511C9 /* Pods-HiArt-HiArtUITests.release.xcconfig */;
			buildSettings = {
				ALWAYS_EMBED_SWIFT_STANDARD_LIBRARIES = YES;
				CODE_SIGN_STYLE = Automatic;
				DEVELOPMENT_TEAM = ZLFQG83687;
				INFOPLIST_FILE = HiArtUITests/Info.plist;
				LD_RUNPATH_SEARCH_PATHS = (
					"$(inherited)",
					"@executable_path/Frameworks",
					"@loader_path/Frameworks",
				);
				PRODUCT_BUNDLE_IDENTIFIER = com.danielch.HiArtUITests;
				PRODUCT_NAME = "$(TARGET_NAME)";
				SWIFT_VERSION = 5.0;
				TARGETED_DEVICE_FAMILY = "1,2";
				TEST_TARGET_NAME = HiArt;
			};
			name = Release;
		};
		652CFA1729CA93DC00C9AA21 /* Develop */ = {
			isa = XCBuildConfiguration;
			buildSettings = {
				ALWAYS_SEARCH_USER_PATHS = NO;
				CLANG_ANALYZER_LOCALIZABILITY_NONLOCALIZED = YES;
				CLANG_ANALYZER_NONNULL = YES;
				CLANG_ANALYZER_NUMBER_OBJECT_CONVERSION = YES_AGGRESSIVE;
				CLANG_CXX_LANGUAGE_STANDARD = "gnu++14";
				CLANG_CXX_LIBRARY = "libc++";
				CLANG_ENABLE_MODULES = YES;
				CLANG_ENABLE_OBJC_ARC = YES;
				CLANG_ENABLE_OBJC_WEAK = YES;
				CLANG_WARN_BLOCK_CAPTURE_AUTORELEASING = YES;
				CLANG_WARN_BOOL_CONVERSION = YES;
				CLANG_WARN_COMMA = YES;
				CLANG_WARN_CONSTANT_CONVERSION = YES;
				CLANG_WARN_DEPRECATED_OBJC_IMPLEMENTATIONS = YES;
				CLANG_WARN_DIRECT_OBJC_ISA_USAGE = YES_ERROR;
				CLANG_WARN_DOCUMENTATION_COMMENTS = YES;
				CLANG_WARN_EMPTY_BODY = YES;
				CLANG_WARN_ENUM_CONVERSION = YES;
				CLANG_WARN_INFINITE_RECURSION = YES;
				CLANG_WARN_INT_CONVERSION = YES;
				CLANG_WARN_NON_LITERAL_NULL_CONVERSION = YES;
				CLANG_WARN_OBJC_IMPLICIT_RETAIN_SELF = YES;
				CLANG_WARN_OBJC_LITERAL_CONVERSION = YES;
				CLANG_WARN_OBJC_ROOT_CLASS = YES_ERROR;
				CLANG_WARN_QUOTED_INCLUDE_IN_FRAMEWORK_HEADER = YES;
				CLANG_WARN_RANGE_LOOP_ANALYSIS = YES;
				CLANG_WARN_STRICT_PROTOTYPES = YES;
				CLANG_WARN_SUSPICIOUS_MOVE = YES;
				CLANG_WARN_UNGUARDED_AVAILABILITY = YES_AGGRESSIVE;
				CLANG_WARN_UNREACHABLE_CODE = YES;
				CLANG_WARN__DUPLICATE_METHOD_MATCH = YES;
				COPY_PHASE_STRIP = NO;
				DEBUG_INFORMATION_FORMAT = dwarf;
				ENABLE_STRICT_OBJC_MSGSEND = YES;
				ENABLE_TESTABILITY = YES;
				GCC_C_LANGUAGE_STANDARD = gnu11;
				GCC_DYNAMIC_NO_PIC = NO;
				GCC_NO_COMMON_BLOCKS = YES;
				GCC_OPTIMIZATION_LEVEL = 0;
				GCC_PREPROCESSOR_DEFINITIONS = (
					"DEBUG=1",
					"$(inherited)",
				);
				GCC_WARN_64_TO_32_BIT_CONVERSION = YES;
				GCC_WARN_ABOUT_RETURN_TYPE = YES_ERROR;
				GCC_WARN_UNDECLARED_SELECTOR = YES;
				GCC_WARN_UNINITIALIZED_AUTOS = YES_AGGRESSIVE;
				GCC_WARN_UNUSED_FUNCTION = YES;
				GCC_WARN_UNUSED_VARIABLE = YES;
				IPHONEOS_DEPLOYMENT_TARGET = 13.0;
				MTL_ENABLE_DEBUG_INFO = INCLUDE_SOURCE;
				MTL_FAST_MATH = YES;
				ONLY_ACTIVE_ARCH = YES;
				SDKROOT = iphoneos;
				SWIFT_ACTIVE_COMPILATION_CONDITIONS = DEBUG;
				SWIFT_OPTIMIZATION_LEVEL = "-Onone";
				SWIFT_VERSION = 5.0;
			};
			name = Develop;
		};
		652CFA1829CA93DC00C9AA21 /* Develop */ = {
			isa = XCBuildConfiguration;
			baseConfigurationReference = A9FDC420BE1E71F8C0771440 /* Pods-HiArt.develop.xcconfig */;
			buildSettings = {
				ASSETCATALOG_COMPILER_APPICON_NAME = AppIcon;
				ASSETCATALOG_COMPILER_GLOBAL_ACCENT_COLOR_NAME = AccentColor;
				CODE_SIGN_STYLE = Automatic;
				DEVELOPMENT_TEAM = ZLFQG83687;
				INFOPLIST_FILE = HiArt/SupportingFiles/Info.plist;
				IPHONEOS_DEPLOYMENT_TARGET = 13.0;
				LD_RUNPATH_SEARCH_PATHS = (
					"$(inherited)",
					"@executable_path/Frameworks",
				);
				PRODUCT_BUNDLE_IDENTIFIER = com.danielch.HiArt;
				PRODUCT_NAME = "$(TARGET_NAME)";
				SWIFT_ACTIVE_COMPILATION_CONDITIONS = DEV;
				SWIFT_VERSION = 5.0;
				TARGETED_DEVICE_FAMILY = 1;
			};
			name = Develop;
		};
		652CFA1929CA93DC00C9AA21 /* Develop */ = {
			isa = XCBuildConfiguration;
			baseConfigurationReference = 5A7B90A01ADE7D910DBBE424 /* Pods-HiArtTests.develop.xcconfig */;
			buildSettings = {
				ALWAYS_EMBED_SWIFT_STANDARD_LIBRARIES = YES;
				BUNDLE_LOADER = "$(TEST_HOST)";
				CODE_SIGN_STYLE = Automatic;
				DEVELOPMENT_TEAM = ZLFQG83687;
				INFOPLIST_FILE = HiArtTests/Info.plist;
				IPHONEOS_DEPLOYMENT_TARGET = 14.4;
				LD_RUNPATH_SEARCH_PATHS = (
					"$(inherited)",
					"@executable_path/Frameworks",
					"@loader_path/Frameworks",
				);
				PRODUCT_BUNDLE_IDENTIFIER = com.danielch.HiArtTests;
				PRODUCT_NAME = "$(TARGET_NAME)";
				SWIFT_VERSION = 5.0;
				TARGETED_DEVICE_FAMILY = "1,2";
				TEST_HOST = "$(BUILT_PRODUCTS_DIR)/HiArt.app/HiArt";
			};
			name = Develop;
		};
		652CFA1A29CA93DC00C9AA21 /* Develop */ = {
			isa = XCBuildConfiguration;
			baseConfigurationReference = B1D72875071A7013A7B636FB /* Pods-HiArt-HiArtUITests.develop.xcconfig */;
			buildSettings = {
				ALWAYS_EMBED_SWIFT_STANDARD_LIBRARIES = YES;
				CODE_SIGN_STYLE = Automatic;
				DEVELOPMENT_TEAM = ZLFQG83687;
				INFOPLIST_FILE = HiArtUITests/Info.plist;
				LD_RUNPATH_SEARCH_PATHS = (
					"$(inherited)",
					"@executable_path/Frameworks",
					"@loader_path/Frameworks",
				);
				PRODUCT_BUNDLE_IDENTIFIER = com.danielch.HiArtUITests;
				PRODUCT_NAME = "$(TARGET_NAME)";
				SWIFT_VERSION = 5.0;
				TARGETED_DEVICE_FAMILY = "1,2";
				TEST_TARGET_NAME = HiArt;
			};
			name = Develop;
		};
		652CFA1B29CA93F900C9AA21 /* Prod */ = {
			isa = XCBuildConfiguration;
			buildSettings = {
				ALWAYS_SEARCH_USER_PATHS = NO;
				CLANG_ANALYZER_LOCALIZABILITY_NONLOCALIZED = YES;
				CLANG_ANALYZER_NONNULL = YES;
				CLANG_ANALYZER_NUMBER_OBJECT_CONVERSION = YES_AGGRESSIVE;
				CLANG_CXX_LANGUAGE_STANDARD = "gnu++14";
				CLANG_CXX_LIBRARY = "libc++";
				CLANG_ENABLE_MODULES = YES;
				CLANG_ENABLE_OBJC_ARC = YES;
				CLANG_ENABLE_OBJC_WEAK = YES;
				CLANG_WARN_BLOCK_CAPTURE_AUTORELEASING = YES;
				CLANG_WARN_BOOL_CONVERSION = YES;
				CLANG_WARN_COMMA = YES;
				CLANG_WARN_CONSTANT_CONVERSION = YES;
				CLANG_WARN_DEPRECATED_OBJC_IMPLEMENTATIONS = YES;
				CLANG_WARN_DIRECT_OBJC_ISA_USAGE = YES_ERROR;
				CLANG_WARN_DOCUMENTATION_COMMENTS = YES;
				CLANG_WARN_EMPTY_BODY = YES;
				CLANG_WARN_ENUM_CONVERSION = YES;
				CLANG_WARN_INFINITE_RECURSION = YES;
				CLANG_WARN_INT_CONVERSION = YES;
				CLANG_WARN_NON_LITERAL_NULL_CONVERSION = YES;
				CLANG_WARN_OBJC_IMPLICIT_RETAIN_SELF = YES;
				CLANG_WARN_OBJC_LITERAL_CONVERSION = YES;
				CLANG_WARN_OBJC_ROOT_CLASS = YES_ERROR;
				CLANG_WARN_QUOTED_INCLUDE_IN_FRAMEWORK_HEADER = YES;
				CLANG_WARN_RANGE_LOOP_ANALYSIS = YES;
				CLANG_WARN_STRICT_PROTOTYPES = YES;
				CLANG_WARN_SUSPICIOUS_MOVE = YES;
				CLANG_WARN_UNGUARDED_AVAILABILITY = YES_AGGRESSIVE;
				CLANG_WARN_UNREACHABLE_CODE = YES;
				CLANG_WARN__DUPLICATE_METHOD_MATCH = YES;
				COPY_PHASE_STRIP = NO;
				DEBUG_INFORMATION_FORMAT = "dwarf-with-dsym";
				ENABLE_NS_ASSERTIONS = NO;
				ENABLE_STRICT_OBJC_MSGSEND = YES;
				GCC_C_LANGUAGE_STANDARD = gnu11;
				GCC_NO_COMMON_BLOCKS = YES;
				GCC_WARN_64_TO_32_BIT_CONVERSION = YES;
				GCC_WARN_ABOUT_RETURN_TYPE = YES_ERROR;
				GCC_WARN_UNDECLARED_SELECTOR = YES;
				GCC_WARN_UNINITIALIZED_AUTOS = YES_AGGRESSIVE;
				GCC_WARN_UNUSED_FUNCTION = YES;
				GCC_WARN_UNUSED_VARIABLE = YES;
				IPHONEOS_DEPLOYMENT_TARGET = 13.0;
				MTL_ENABLE_DEBUG_INFO = NO;
				MTL_FAST_MATH = YES;
				SDKROOT = iphoneos;
				SWIFT_COMPILATION_MODE = wholemodule;
				SWIFT_OPTIMIZATION_LEVEL = "-O";
				SWIFT_VERSION = 5.0;
				VALIDATE_PRODUCT = YES;
			};
			name = Prod;
		};
		652CFA1C29CA93F900C9AA21 /* Prod */ = {
			isa = XCBuildConfiguration;
			baseConfigurationReference = 304D25AE33E5CCB7E93E1D5B /* Pods-HiArt.prod.xcconfig */;
			buildSettings = {
				ASSETCATALOG_COMPILER_APPICON_NAME = AppIcon;
				ASSETCATALOG_COMPILER_GLOBAL_ACCENT_COLOR_NAME = AccentColor;
				CODE_SIGN_STYLE = Automatic;
				DEVELOPMENT_TEAM = ZLFQG83687;
				INFOPLIST_FILE = HiArt/SupportingFiles/Info.plist;
				IPHONEOS_DEPLOYMENT_TARGET = 13.0;
				LD_RUNPATH_SEARCH_PATHS = (
					"$(inherited)",
					"@executable_path/Frameworks",
				);
				PRODUCT_BUNDLE_IDENTIFIER = com.danielch.HiArt;
				PRODUCT_NAME = "$(TARGET_NAME)";
				SWIFT_ACTIVE_COMPILATION_CONDITIONS = PROD;
				SWIFT_VERSION = 5.0;
				TARGETED_DEVICE_FAMILY = 1;
			};
			name = Prod;
		};
		652CFA1D29CA93F900C9AA21 /* Prod */ = {
			isa = XCBuildConfiguration;
			baseConfigurationReference = 18B08C67570CCD5A7970002F /* Pods-HiArtTests.prod.xcconfig */;
			buildSettings = {
				ALWAYS_EMBED_SWIFT_STANDARD_LIBRARIES = YES;
				BUNDLE_LOADER = "$(TEST_HOST)";
				CODE_SIGN_STYLE = Automatic;
				DEVELOPMENT_TEAM = ZLFQG83687;
				INFOPLIST_FILE = HiArtTests/Info.plist;
				IPHONEOS_DEPLOYMENT_TARGET = 14.4;
				LD_RUNPATH_SEARCH_PATHS = (
					"$(inherited)",
					"@executable_path/Frameworks",
					"@loader_path/Frameworks",
				);
				PRODUCT_BUNDLE_IDENTIFIER = com.danielch.HiArtTests;
				PRODUCT_NAME = "$(TARGET_NAME)";
				SWIFT_VERSION = 5.0;
				TARGETED_DEVICE_FAMILY = "1,2";
				TEST_HOST = "$(BUILT_PRODUCTS_DIR)/HiArt.app/HiArt";
			};
			name = Prod;
		};
		652CFA1E29CA93F900C9AA21 /* Prod */ = {
			isa = XCBuildConfiguration;
			baseConfigurationReference = E2AF80E3BE46818A1B7B0BC8 /* Pods-HiArt-HiArtUITests.prod.xcconfig */;
			buildSettings = {
				ALWAYS_EMBED_SWIFT_STANDARD_LIBRARIES = YES;
				CODE_SIGN_STYLE = Automatic;
				DEVELOPMENT_TEAM = ZLFQG83687;
				INFOPLIST_FILE = HiArtUITests/Info.plist;
				LD_RUNPATH_SEARCH_PATHS = (
					"$(inherited)",
					"@executable_path/Frameworks",
					"@loader_path/Frameworks",
				);
				PRODUCT_BUNDLE_IDENTIFIER = com.danielch.HiArtUITests;
				PRODUCT_NAME = "$(TARGET_NAME)";
				SWIFT_VERSION = 5.0;
				TARGETED_DEVICE_FAMILY = "1,2";
				TEST_TARGET_NAME = HiArt;
			};
			name = Prod;
		};
/* End XCBuildConfiguration section */

/* Begin XCConfigurationList section */
		6521C10327CC863100952542 /* Build configuration list for PBXProject "HiArt" */ = {
			isa = XCConfigurationList;
			buildConfigurations = (
				6521C13027CC863300952542 /* Debug */,
				652CFA1729CA93DC00C9AA21 /* Develop */,
				6521C13127CC863300952542 /* Release */,
				652CFA1B29CA93F900C9AA21 /* Prod */,
			);
			defaultConfigurationIsVisible = 0;
			defaultConfigurationName = Release;
		};
		6521C13227CC863300952542 /* Build configuration list for PBXNativeTarget "HiArt" */ = {
			isa = XCConfigurationList;
			buildConfigurations = (
				6521C13327CC863300952542 /* Debug */,
				652CFA1829CA93DC00C9AA21 /* Develop */,
				6521C13427CC863300952542 /* Release */,
				652CFA1C29CA93F900C9AA21 /* Prod */,
			);
			defaultConfigurationIsVisible = 0;
			defaultConfigurationName = Release;
		};
		6521C13527CC863300952542 /* Build configuration list for PBXNativeTarget "HiArtTests" */ = {
			isa = XCConfigurationList;
			buildConfigurations = (
				6521C13627CC863300952542 /* Debug */,
				652CFA1929CA93DC00C9AA21 /* Develop */,
				6521C13727CC863300952542 /* Release */,
				652CFA1D29CA93F900C9AA21 /* Prod */,
			);
			defaultConfigurationIsVisible = 0;
			defaultConfigurationName = Release;
		};
		6521C13827CC863300952542 /* Build configuration list for PBXNativeTarget "HiArtUITests" */ = {
			isa = XCConfigurationList;
			buildConfigurations = (
				6521C13927CC863300952542 /* Debug */,
				652CFA1A29CA93DC00C9AA21 /* Develop */,
				6521C13A27CC863300952542 /* Release */,
				652CFA1E29CA93F900C9AA21 /* Prod */,
			);
			defaultConfigurationIsVisible = 0;
			defaultConfigurationName = Release;
		};
/* End XCConfigurationList section */

/* Begin XCRemoteSwiftPackageReference section */
		657739A627D16E420010FCC9 /* XCRemoteSwiftPackageReference "Alamofire" */ = {
			isa = XCRemoteSwiftPackageReference;
			repositoryURL = "https://github.com/Alamofire/Alamofire.git";
			requirement = {
				kind = upToNextMajorVersion;
				minimumVersion = 5.4.4;
			};
		};
		65F2586529B98B9A00A69CD0 /* XCRemoteSwiftPackageReference "firebase-ios-sdk" */ = {
			isa = XCRemoteSwiftPackageReference;
			repositoryURL = "https://github.com/firebase/firebase-ios-sdk";
			requirement = {
				kind = upToNextMajorVersion;
				minimumVersion = 10.15.0;
			};
		};
/* End XCRemoteSwiftPackageReference section */

/* Begin XCSwiftPackageProductDependency section */
		657739A727D16E420010FCC9 /* Alamofire */ = {
			isa = XCSwiftPackageProductDependency;
			package = 657739A627D16E420010FCC9 /* XCRemoteSwiftPackageReference "Alamofire" */;
			productName = Alamofire;
		};
		65F2586629B98B9A00A69CD0 /* FirebaseAppDistribution-Beta */ = {
			isa = XCSwiftPackageProductDependency;
			package = 65F2586529B98B9A00A69CD0 /* XCRemoteSwiftPackageReference "firebase-ios-sdk" */;
			productName = "FirebaseAppDistribution-Beta";
		};
		65F2586829B98B9A00A69CD0 /* FirebaseMessaging */ = {
			isa = XCSwiftPackageProductDependency;
			package = 65F2586529B98B9A00A69CD0 /* XCRemoteSwiftPackageReference "firebase-ios-sdk" */;
			productName = FirebaseMessaging;
		};
		65F2586A29B98B9A00A69CD0 /* FirebaseInstallations */ = {
			isa = XCSwiftPackageProductDependency;
			package = 65F2586529B98B9A00A69CD0 /* XCRemoteSwiftPackageReference "firebase-ios-sdk" */;
			productName = FirebaseInstallations;
		};
		65F2587029B98B9A00A69CD0 /* FirebaseStorage */ = {
			isa = XCSwiftPackageProductDependency;
			package = 65F2586529B98B9A00A69CD0 /* XCRemoteSwiftPackageReference "firebase-ios-sdk" */;
			productName = FirebaseStorage;
		};
		65F2587229B98B9A00A69CD0 /* FirebaseAuth */ = {
			isa = XCSwiftPackageProductDependency;
			package = 65F2586529B98B9A00A69CD0 /* XCRemoteSwiftPackageReference "firebase-ios-sdk" */;
			productName = FirebaseAuth;
		};
		65F2587429B98B9A00A69CD0 /* FirebaseAnalytics */ = {
			isa = XCSwiftPackageProductDependency;
			package = 65F2586529B98B9A00A69CD0 /* XCRemoteSwiftPackageReference "firebase-ios-sdk" */;
			productName = FirebaseAnalytics;
		};
		65F2587629B98B9A00A69CD0 /* FirebaseDynamicLinks */ = {
			isa = XCSwiftPackageProductDependency;
			package = 65F2586529B98B9A00A69CD0 /* XCRemoteSwiftPackageReference "firebase-ios-sdk" */;
			productName = FirebaseDynamicLinks;
		};
		65F2587829B98B9A00A69CD0 /* FirebaseFirestore */ = {
			isa = XCSwiftPackageProductDependency;
			package = 65F2586529B98B9A00A69CD0 /* XCRemoteSwiftPackageReference "firebase-ios-sdk" */;
			productName = FirebaseFirestore;
		};
		65F2587A29B98B9A00A69CD0 /* FirebaseInAppMessaging-Beta */ = {
			isa = XCSwiftPackageProductDependency;
			package = 65F2586529B98B9A00A69CD0 /* XCRemoteSwiftPackageReference "firebase-ios-sdk" */;
			productName = "FirebaseInAppMessaging-Beta";
		};
		65F2587C29B98B9A00A69CD0 /* FirebaseFunctions */ = {
			isa = XCSwiftPackageProductDependency;
			package = 65F2586529B98B9A00A69CD0 /* XCRemoteSwiftPackageReference "firebase-ios-sdk" */;
			productName = FirebaseFunctions;
		};
		65F2587E29B98B9A00A69CD0 /* FirebaseRemoteConfig */ = {
			isa = XCSwiftPackageProductDependency;
			package = 65F2586529B98B9A00A69CD0 /* XCRemoteSwiftPackageReference "firebase-ios-sdk" */;
			productName = FirebaseRemoteConfig;
		};
		65F2588029B98B9A00A69CD0 /* FirebaseCrashlytics */ = {
			isa = XCSwiftPackageProductDependency;
			package = 65F2586529B98B9A00A69CD0 /* XCRemoteSwiftPackageReference "firebase-ios-sdk" */;
			productName = FirebaseCrashlytics;
		};
		65F2588229B98B9A00A69CD0 /* FirebaseDatabase */ = {
			isa = XCSwiftPackageProductDependency;
			package = 65F2586529B98B9A00A69CD0 /* XCRemoteSwiftPackageReference "firebase-ios-sdk" */;
			productName = FirebaseDatabase;
		};
/* End XCSwiftPackageProductDependency section */
	};
	rootObject = 6521C10027CC863100952542 /* Project object */;
}
