{
  "object": {
    "pins": [
      {
        "package": "abseil",
        "repositoryURL": "https://github.com/firebase/abseil-cpp-SwiftPM.git",
        "state": {
          "branch": null,
          "revision": "fffc3c2729be5747390ad02d5100291a0d9ad26a",
          "version": "0.20200225.4"
        }
      },
      {
        "package": "Alamofire",
        "repositoryURL": "https://github.com/Alamofire/Alamofire.git",
        "state": {
          "branch": null,
          "revision": "d120af1e8638c7da36c8481fd61a66c0c08dc4fc",
          "version": "5.4.4"
        }
      },
      {
        "package": "BoringSSL-GRPC",
        "repositoryURL": "https://github.com/firebase/boringssl-SwiftPM.git",
        "state": {
          "branch": null,
          "revision": "734a8247442fde37df4364c21f6a0085b6a36728",
          "version": "0.7.2"
        }
      },
      {
        "package": "Firebase",
        "repositoryURL": "https://github.com/firebase/firebase-ios-sdk",
        "state": {
          "branch": null,
          "revision": "447cf74cc561d408bc66c0294145a624645038ac",
          "version": "7.5.1"
        }
      },
      {
        "package": "GoogleAppMeasurement",
        "repositoryURL": "https://github.com/google/GoogleAppMeasurement.git",
        "state": {
          "branch": null,
          "revision": "38205d8e39f806f71b048f93427337c9511c9402",
          "version": "7.5.1"
        }
      },
      {
        "package": "GoogleUtilities",
        "repositoryURL": "https://github.com/google/GoogleUtilities.git",
        "state": {
          "branch": null,
          "revision": "0543562f85620b5b7c510c6bcbef75b562a5127b",
          "version": "7.11.0"
        }
      },
      {
        "package": "gRPC",
        "repositoryURL": "https://github.com/firebase/grpc-SwiftPM.git",
        "state": {
          "branch": null,
          "revision": "fb405dd2c7901485f7e158b24e3a0a47e4efd8b5",
          "version": "1.28.4"
        }
      },
      {
        "package": "GTMSessionFetcher",
        "repositoryURL": "https://github.com/google/gtm-session-fetcher.git",
        "state": {
          "branch": null,
          "revision": "4e9bbf2808b8fee444e84a48f5f3c12641987d3e",
          "version": "1.7.2"
        }
      },
      {
        "package": "leveldb",
        "repositoryURL": "https://github.com/firebase/leveldb.git",
        "state": {
          "branch": null,
          "revision": "0706abcc6b0bd9cedfbb015ba840e4a780b5159b",
          "version": "1.22.2"
        }
      },
      {
        "package": "nanopb",
        "repositoryURL": "https://github.com/firebase/nanopb.git",
        "state": {
          "branch": null,
          "revision": "c2d43e59d8ec880ed261366818f0cacc5c8cc2e6",
          "version": "2.30907.0"
        }
      },
      {
        "package": "Promises",
        "repositoryURL": "https://github.com/google/promises.git",
        "state": {
          "branch": null,
          "revision": "afa9a1ace74e116848d4f743599ab83e584ff8cb",
          "version": "1.2.12"
        }
      }
    ]
  },
  "version": 1
}
